<?xml version="1.0" encoding="utf-8"?>
<Project ToolsVersion="4.0" xmlns="http://schemas.microsoft.com/developer/msbuild/2003">
  <ItemGroup>
    <Filter Include="Source Files">
      <UniqueIdentifier>{73718b35-4158-4f42-bc62-8f0a05a87edf}</UniqueIdentifier>
      <Extensions>cpp;c;cxx;rc;def;r;odl;idl;hpj;bat</Extensions>
    </Filter>
    <Filter Include="Header Files">
      <UniqueIdentifier>{812240dd-6a45-42a8-9191-323e5c057f6e}</UniqueIdentifier>
      <Extensions>h;hpp;hxx;hm;inl</Extensions>
    </Filter>
    <Filter Include="Resource Files">
      <UniqueIdentifier>{f2955282-acef-43d6-93c8-e89dfec90a91}</UniqueIdentifier>
      <Extensions>ico;cur;bmp;dlg;rc2;rct;bin;rgs;gif;jpg;jpeg;jpe</Extensions>
    </Filter>
  </ItemGroup>
  <ItemGroup>
    <ClCompile Include="CPing.cpp">
      <Filter>Source Files</Filter>
    </ClCompile>
    <ClCompile Include="IcmpPing.cpp">
      <Filter>Source Files</Filter>
    </ClCompile>
    <ClCompile Include="PingThread.cpp">
      <Filter>Source Files</Filter>
    </ClCompile>
    <ClCompile Include="QQTPing.cpp">
      <Filter>Source Files</Filter>
    </ClCompile>
    <ClCompile Include="QQTPingMgr.cpp">
      <Filter>Source Files</Filter>
    </ClCompile>
    <ClCompile Include="QQTRawSocket.cpp">
      <Filter>Source Files</Filter>
    </ClCompile>
    <ClCompile Include="StdAfx.cpp">
      <Filter>Source Files</Filter>
    </ClCompile>
    <ClCompile Include="UdpPingObject.cpp">
      <Filter>Source Files</Filter>
    </ClCompile>
  </ItemGroup>
  <ItemGroup>
    <None Include="QQTPing.def">
      <Filter>Source Files</Filter>
    </None>
    <None Include="res\QQTPing.rc2">
      <Filter>Resource Files</Filter>
    </None>
    <None Include="ReadMe.txt" />
  </ItemGroup>
  <ItemGroup>
    <Midl Include="QQTPing.odl">
      <Filter>Source Files</Filter>
    </Midl>
  </ItemGroup>
  <ItemGroup>
    <ResourceCompile Include="QQTPing.rc">
      <Filter>Source Files</Filter>
    </ResourceCompile>
  </ItemGroup>
  <ItemGroup>
    <ClInclude Include="CPing.h">
      <Filter>Header Files</Filter>
    </ClInclude>
    <ClInclude Include="IcmpPing.h">
      <Filter>Header Files</Filter>
    </ClInclude>
    <ClInclude Include="IPingObject.h">
      <Filter>Header Files</Filter>
    </ClInclude>
    <ClInclude Include="PingThread.h">
      <Filter>Header Files</Filter>
    </ClInclude>
    <ClInclude Include="QQTPing.h">
      <Filter>Header Files</Filter>
    </ClInclude>
    <ClInclude Include="QQTPingMgr.h">
      <Filter>Header Files</Filter>
    </ClInclude>
    <ClInclude Include="QQTRawSocket.h">
      <Filter>Header Files</Filter>
    </ClInclude>
    <ClInclude Include="Resource.h">
      <Filter>Header Files</Filter>
    </ClInclude>
    <ClInclude Include="StdAfx.h">
      <Filter>Header Files</Filter>
    </ClInclude>
    <ClInclude Include="UdpPingObject.h">
      <Filter>Header Files</Filter>
    </ClInclude>
  </ItemGroup>
</Project>