<?xml version="1.0" encoding="utf-8"?>
<Project ToolsVersion="4.0" xmlns="http://schemas.microsoft.com/developer/msbuild/2003">
  <ItemGroup>
    <Filter Include="Source Files">
      <UniqueIdentifier>{4FC737F1-C7A5-4376-A066-2A32D752A2FF}</UniqueIdentifier>
      <Extensions>cpp;c;cxx;def;odl;idl;hpj;bat;asm;asmx</Extensions>
    </Filter>
    <Filter Include="Header Files">
      <UniqueIdentifier>{93995380-89BD-4b04-88EB-625FBE52EBFB}</UniqueIdentifier>
      <Extensions>h;hpp;hxx;hm;inl;inc;xsd</Extensions>
    </Filter>
    <Filter Include="Resource Files">
      <UniqueIdentifier>{67DA6AB6-F800-4c08-8B7A-83BB121AAD01}</UniqueIdentifier>
      <Extensions>rc;ico;cur;bmp;dlg;rc2;rct;bin;rgs;gif;jpg;jpeg;jpe;resx</Extensions>
    </Filter>
  </ItemGroup>
  <ItemGroup>
    <ClCompile Include="client.cpp">
      <Filter>Source Files</Filter>
    </ClCompile>
    <ClCompile Include="CmdParse.cpp">
      <Filter>Source Files</Filter>
    </ClCompile>
    <ClCompile Include="CmdParse_acceptinvote.cpp">
      <Filter>Source Files</Filter>
    </ClCompile>
    <ClCompile Include="CmdParse_playgame.cpp">
      <Filter>Source Files</Filter>
    </ClCompile>
    <ClCompile Include="CmdParse_start.cpp">
      <Filter>Source Files</Filter>
    </ClCompile>
    <ClCompile Include="DirSocket.cpp">
      <Filter>Source Files</Filter>
    </ClCompile>
    <ClCompile Include="Encoder.cpp">
      <Filter>Source Files</Filter>
    </ClCompile>
    <ClCompile Include="EncryptUtil.cpp">
      <Filter>Source Files</Filter>
    </ClCompile>
    <ClCompile Include="GameSocket.cpp">
      <Filter>Source Files</Filter>
    </ClCompile>
    <ClCompile Include="httpdown.cpp">
      <Filter>Source Files</Filter>
    </ClCompile>
    <ClCompile Include="MultiSvrTcpSocket.cpp">
      <Filter>Source Files</Filter>
    </ClCompile>
    <ClCompile Include="Network.cpp">
      <Filter>Source Files</Filter>
    </ClCompile>
    <ClCompile Include="NetworkImpl.cpp">
      <Filter>Source Files</Filter>
    </ClCompile>
    <ClCompile Include="QQLoginSocket.cpp">
      <Filter>Source Files</Filter>
    </ClCompile>
    <ClCompile Include="senddata.cpp">
      <Filter>Source Files</Filter>
    </ClCompile>
    <ClCompile Include="ShopSocket.cpp">
      <Filter>Source Files</Filter>
    </ClCompile>
    <ClCompile Include="stdafx.cpp">
      <Filter>Source Files</Filter>
    </ClCompile>
    <ClCompile Include="TcpSocket.cpp">
      <Filter>Source Files</Filter>
    </ClCompile>
    <ClCompile Include="Timer.cpp">
      <Filter>Source Files</Filter>
    </ClCompile>
    <ClCompile Include="utils.cpp">
      <Filter>Source Files</Filter>
    </ClCompile>
  </ItemGroup>
  <ItemGroup>
    <ClInclude Include="CmdParse.h">
      <Filter>Header Files</Filter>
    </ClInclude>
    <ClInclude Include="CmdParse_acceptinvote.h">
      <Filter>Header Files</Filter>
    </ClInclude>
    <ClInclude Include="CmdParse_playgame.h">
      <Filter>Header Files</Filter>
    </ClInclude>
    <ClInclude Include="CmdParse_start.h">
      <Filter>Header Files</Filter>
    </ClInclude>
    <ClInclude Include="DirSocket.h">
      <Filter>Header Files</Filter>
    </ClInclude>
    <ClInclude Include="Encoder.h">
      <Filter>Header Files</Filter>
    </ClInclude>
    <ClInclude Include="EncryptUtil.h">
      <Filter>Header Files</Filter>
    </ClInclude>
    <ClInclude Include="GameSocket.h">
      <Filter>Header Files</Filter>
    </ClInclude>
    <ClInclude Include="httpdown.h">
      <Filter>Header Files</Filter>
    </ClInclude>
    <ClInclude Include="INetworkSink_CP.H">
      <Filter>Header Files</Filter>
    </ClInclude>
    <ClInclude Include="..\include\network\IPingMgr.h">
      <Filter>Header Files</Filter>
    </ClInclude>
    <ClInclude Include="..\include\network\msgheader.h">
      <Filter>Header Files</Filter>
    </ClInclude>
    <ClInclude Include="MultiSvrTcpSocket.h">
      <Filter>Header Files</Filter>
    </ClInclude>
    <ClInclude Include="..\include\network\network_i.h">
      <Filter>Header Files</Filter>
    </ClInclude>
    <ClInclude Include="NetworkImpl.h">
      <Filter>Header Files</Filter>
    </ClInclude>
    <ClInclude Include="QQLoginSocket.h">
      <Filter>Header Files</Filter>
    </ClInclude>
    <ClInclude Include="Resource.h">
      <Filter>Header Files</Filter>
    </ClInclude>
    <ClInclude Include="senddata.h">
      <Filter>Header Files</Filter>
    </ClInclude>
    <ClInclude Include="ShopSocket.h">
      <Filter>Header Files</Filter>
    </ClInclude>
    <ClInclude Include="stdafx.h">
      <Filter>Header Files</Filter>
    </ClInclude>
    <ClInclude Include="TcpSocket.h">
      <Filter>Header Files</Filter>
    </ClInclude>
    <ClInclude Include="..\include\network\test.h">
      <Filter>Header Files</Filter>
    </ClInclude>
    <ClInclude Include="Timer.h">
      <Filter>Header Files</Filter>
    </ClInclude>
    <ClInclude Include="typedef.h">
      <Filter>Header Files</Filter>
    </ClInclude>
    <ClInclude Include="utils.h">
      <Filter>Header Files</Filter>
    </ClInclude>
  </ItemGroup>
  <ItemGroup>
    <None Include="Network.def">
      <Filter>Header Files</Filter>
    </None>
    <None Include="res\Network.rc2">
      <Filter>Resource Files</Filter>
    </None>
    <None Include="Network.rgs">
      <Filter>Resource Files</Filter>
    </None>
    <None Include="ReadMe.txt">
      <Filter>Resource Files</Filter>
    </None>
  </ItemGroup>
  <ItemGroup>
    <Midl Include="..\include\Network\PingMgr.idl">
      <Filter>Header Files</Filter>
    </Midl>
  </ItemGroup>
  <ItemGroup>
    <ResourceCompile Include="Network.rc">
      <Filter>Resource Files</Filter>
    </ResourceCompile>
  </ItemGroup>
</Project>