Microsoft Visual Studio Solution File, Format Version 10.00
# Visual Studio 2008
Project("{8BC9CEB8-8B4A-11D0-8D11-00A0C91BC942}") = "Network", "Network.vcproj", "{FEF93E02-226A-49C4-A74D-7C2975B9D20B}"
EndProject
Project("{8BC9CEB8-8B4A-11D0-8D11-00A0C91BC942}") = "QQTPPP2ND", "..\p2p\QQTPPP2ND\QQTPPP2ND.vcproj", "{98AF6548-D575-4948-9CCF-74831D0BD4A2}"
EndProject
Project("{8BC9CEB8-8B4A-11D0-8D11-00A0C91BC942}") = "GameApp", "..\gameapp\GameApp.vcproj", "{20D86AC2-EF83-4A40-A7AC-0EF578E41265}"
EndProject
Project("{8BC9CEB8-8B4A-11D0-8D11-00A0C91BC942}") = "gameui", "..\libsrc\gameui\gameui.vcproj", "{97A65788-4C8F-4D0C-8BDF-BDFD5A30B373}"
	ProjectSection(ProjectDependencies) = postProject
		{96C32022-A9A6-4C1A-9B75-AE45AD41853A} = {96C32022-A9A6-4C1A-9B75-AE45AD41853A}
		{BFF8E267-DC95-4FA6-B0A1-DAB90991197E} = {BFF8E267-DC95-4FA6-B0A1-DAB90991197E}
		{B63D29E3-2949-4A70-B2D4-9A4D295ED4C6} = {B63D29E3-2949-4A70-B2D4-9A4D295ED4C6}
		{6098E7F9-A291-479E-AB27-1676A7CC1BEB} = {6098E7F9-A291-479E-AB27-1676A7CC1BEB}
	EndProjectSection
EndProject
Project("{8BC9CEB8-8B4A-11D0-8D11-00A0C91BC942}") = "lua5", "..\libsrc\lua5\lua5.vcproj", "{D8323581-B384-4E1C-B0DA-EA9EFD6D0D9A}"
EndProject
Project("{8BC9CEB8-8B4A-11D0-8D11-00A0C91BC942}") = "LuaPlusLib", "..\libsrc\LuaPlus\LuaPlusLib.vcproj", "{AA75B895-9958-4D71-9419-D86946478CAA}"
EndProject
Project("{8BC9CEB8-8B4A-11D0-8D11-00A0C91BC942}") = "ImageLib", "..\libsrc\ImageLib\ImageLib.vcproj", "{96C32022-A9A6-4C1A-9B75-AE45AD41853A}"
EndProject
Project("{8BC9CEB8-8B4A-11D0-8D11-00A0C91BC942}") = "XImage", "..\libsrc\XImage\XImage.vcproj", "{BFF8E267-DC95-4FA6-B0A1-DAB90991197E}"
EndProject
Project("{8BC9CEB8-8B4A-11D0-8D11-00A0C91BC942}") = "kernel", "..\libsrc\Kernel\kernel.vcproj", "{B63D29E3-2949-4A70-B2D4-9A4D295ED4C6}"
EndProject
Project("{8BC9CEB8-8B4A-11D0-8D11-00A0C91BC942}") = "vfilesys", "..\vfilesys\vfilesys.vcproj", "{6098E7F9-A291-479E-AB27-1676A7CC1BEB}"
EndProject
Project("{8BC9CEB8-8B4A-11D0-8D11-00A0C91BC942}") = "P2PAdapter", "..\p2p\P2PAdapter\P2PAdapter.vcproj", "{4DA6088E-762E-493C-9BEC-90F82E1C2B6B}"
EndProject
Project("{8BC9CEB8-8B4A-11D0-8D11-00A0C91BC942}") = "PingMgr", "..\pingmgr\QQTPing.vcproj", "{DFA4BCD1-76F0-4705-BDE0-8F415765EDE7}"
EndProject
Project("{8BC9CEB8-8B4A-11D0-8D11-00A0C91BC942}") = "regsvr", "..\tools\regsvr\regsvr.vcproj", "{8FB48E87-07A8-423F-9347-4FD69F226C8A}"
EndProject
Project("{8BC9CEB8-8B4A-11D0-8D11-00A0C91BC942}") = "dbgview", "..\tools\dbgview\dbgview.vcproj", "{F5A8A21C-4123-4E79-BFA7-E2FF18645C88}"
EndProject
Project("{8BC9CEB8-8B4A-11D0-8D11-00A0C91BC942}") = "lualibx", "..\libsrc\lua-5.0.2\buildlua_win32\lualibx\lualibx.vcproj", "{5D99077F-E292-43DD-977F-1BB31C31AA44}"
EndProject
Project("{8BC9CEB8-8B4A-11D0-8D11-00A0C91BC942}") = "lualib", "..\libsrc\lua-5.0.2\buildlua_win32\lualib\lualib.vcproj", "{C6FA93C4-0EE7-4B37-9BE4-35FF38029A19}"
EndProject
Project("{8BC9CEB8-8B4A-11D0-8D11-00A0C91BC942}") = "KartClient", "..\extentions\KartClient\KartClient.vcproj", "{02D4E18C-7DF1-47BE-AF7F-32889F293098}"
EndProject
Project("{8BC9CEB8-8B4A-11D0-8D11-00A0C91BC942}") = "Top-Kart", "..\extentions\Top-Kart\Top-Kart.vcproj", "{75081350-0715-4347-A716-7078E1295FF3}"
EndProject
Global
	GlobalSection(SolutionConfigurationPlatforms) = preSolution
		Debug Miles Sound|Win32 = Debug Miles Sound|Win32
		Debug NiWebMetrics Miles Sound|Win32 = Debug NiWebMetrics Miles Sound|Win32
		Debug NiWebMetrics|Win32 = Debug NiWebMetrics|Win32
		Debug|Win32 = Debug|Win32
		DebugMemory|Win32 = DebugMemory|Win32
		EffectEditor|Win32 = EffectEditor|Win32
		Pet2Debug|Win32 = Pet2Debug|Win32
		Release Miles Sound|Win32 = Release Miles Sound|Win32
		Release MinDependency|Win32 = Release MinDependency|Win32
		Release MinSize|Win32 = Release MinSize|Win32
		Release NiWebMetrics Miles Sound|Win32 = Release NiWebMetrics Miles Sound|Win32
		Release NiWebMetrics|Win32 = Release NiWebMetrics|Win32
		Release|Win32 = Release|Win32
		ReleasePhysX27|Win32 = ReleasePhysX27|Win32
		Unicode Debug|Win32 = Unicode Debug|Win32
		Unicode Release MinDependency|Win32 = Unicode Release MinDependency|Win32
		Unicode Release MinSize|Win32 = Unicode Release MinSize|Win32
	EndGlobalSection
	GlobalSection(ProjectConfigurationPlatforms) = postSolution
		{FEF93E02-226A-49C4-A74D-7C2975B9D20B}.Debug Miles Sound|Win32.ActiveCfg = Debug|Win32
		{FEF93E02-226A-49C4-A74D-7C2975B9D20B}.Debug Miles Sound|Win32.Build.0 = Debug|Win32
		{FEF93E02-226A-49C4-A74D-7C2975B9D20B}.Debug NiWebMetrics Miles Sound|Win32.ActiveCfg = Debug|Win32
		{FEF93E02-226A-49C4-A74D-7C2975B9D20B}.Debug NiWebMetrics Miles Sound|Win32.Build.0 = Debug|Win32
		{FEF93E02-226A-49C4-A74D-7C2975B9D20B}.Debug NiWebMetrics|Win32.ActiveCfg = Debug|Win32
		{FEF93E02-226A-49C4-A74D-7C2975B9D20B}.Debug NiWebMetrics|Win32.Build.0 = Debug|Win32
		{FEF93E02-226A-49C4-A74D-7C2975B9D20B}.Debug|Win32.ActiveCfg = Debug|Win32
		{FEF93E02-226A-49C4-A74D-7C2975B9D20B}.Debug|Win32.Build.0 = Debug|Win32
		{FEF93E02-226A-49C4-A74D-7C2975B9D20B}.DebugMemory|Win32.ActiveCfg = Debug|Win32
		{FEF93E02-226A-49C4-A74D-7C2975B9D20B}.DebugMemory|Win32.Build.0 = Debug|Win32
		{FEF93E02-226A-49C4-A74D-7C2975B9D20B}.EffectEditor|Win32.ActiveCfg = Release|Win32
		{FEF93E02-226A-49C4-A74D-7C2975B9D20B}.EffectEditor|Win32.Build.0 = Release|Win32
		{FEF93E02-226A-49C4-A74D-7C2975B9D20B}.Pet2Debug|Win32.ActiveCfg = Debug|Win32
		{FEF93E02-226A-49C4-A74D-7C2975B9D20B}.Pet2Debug|Win32.Build.0 = Debug|Win32
		{FEF93E02-226A-49C4-A74D-7C2975B9D20B}.Release Miles Sound|Win32.ActiveCfg = Release|Win32
		{FEF93E02-226A-49C4-A74D-7C2975B9D20B}.Release Miles Sound|Win32.Build.0 = Release|Win32
		{FEF93E02-226A-49C4-A74D-7C2975B9D20B}.Release MinDependency|Win32.ActiveCfg = Release|Win32
		{FEF93E02-226A-49C4-A74D-7C2975B9D20B}.Release MinDependency|Win32.Build.0 = Release|Win32
		{FEF93E02-226A-49C4-A74D-7C2975B9D20B}.Release MinSize|Win32.ActiveCfg = Release|Win32
		{FEF93E02-226A-49C4-A74D-7C2975B9D20B}.Release MinSize|Win32.Build.0 = Release|Win32
		{FEF93E02-226A-49C4-A74D-7C2975B9D20B}.Release NiWebMetrics Miles Sound|Win32.ActiveCfg = Release|Win32
		{FEF93E02-226A-49C4-A74D-7C2975B9D20B}.Release NiWebMetrics Miles Sound|Win32.Build.0 = Release|Win32
		{FEF93E02-226A-49C4-A74D-7C2975B9D20B}.Release NiWebMetrics|Win32.ActiveCfg = Release|Win32
		{FEF93E02-226A-49C4-A74D-7C2975B9D20B}.Release NiWebMetrics|Win32.Build.0 = Release|Win32
		{FEF93E02-226A-49C4-A74D-7C2975B9D20B}.Release|Win32.ActiveCfg = Release|Win32
		{FEF93E02-226A-49C4-A74D-7C2975B9D20B}.Release|Win32.Build.0 = Release|Win32
		{FEF93E02-226A-49C4-A74D-7C2975B9D20B}.ReleasePhysX27|Win32.ActiveCfg = ReleasePhysX27|Win32
		{FEF93E02-226A-49C4-A74D-7C2975B9D20B}.ReleasePhysX27|Win32.Build.0 = ReleasePhysX27|Win32
		{FEF93E02-226A-49C4-A74D-7C2975B9D20B}.Unicode Debug|Win32.ActiveCfg = Debug|Win32
		{FEF93E02-226A-49C4-A74D-7C2975B9D20B}.Unicode Debug|Win32.Build.0 = Debug|Win32
		{FEF93E02-226A-49C4-A74D-7C2975B9D20B}.Unicode Release MinDependency|Win32.ActiveCfg = Release|Win32
		{FEF93E02-226A-49C4-A74D-7C2975B9D20B}.Unicode Release MinDependency|Win32.Build.0 = Release|Win32
		{FEF93E02-226A-49C4-A74D-7C2975B9D20B}.Unicode Release MinSize|Win32.ActiveCfg = Release|Win32
		{FEF93E02-226A-49C4-A74D-7C2975B9D20B}.Unicode Release MinSize|Win32.Build.0 = Release|Win32
		{98AF6548-D575-4948-9CCF-74831D0BD4A2}.Debug Miles Sound|Win32.ActiveCfg = Debug|Win32
		{98AF6548-D575-4948-9CCF-74831D0BD4A2}.Debug NiWebMetrics Miles Sound|Win32.ActiveCfg = Debug|Win32
		{98AF6548-D575-4948-9CCF-74831D0BD4A2}.Debug NiWebMetrics|Win32.ActiveCfg = Debug|Win32
		{98AF6548-D575-4948-9CCF-74831D0BD4A2}.Debug|Win32.ActiveCfg = Debug|Win32
		{98AF6548-D575-4948-9CCF-74831D0BD4A2}.DebugMemory|Win32.ActiveCfg = Debug|Win32
		{98AF6548-D575-4948-9CCF-74831D0BD4A2}.EffectEditor|Win32.ActiveCfg = Release|Win32
		{98AF6548-D575-4948-9CCF-74831D0BD4A2}.Pet2Debug|Win32.ActiveCfg = Debug|Win32
		{98AF6548-D575-4948-9CCF-74831D0BD4A2}.Release Miles Sound|Win32.ActiveCfg = Release|Win32
		{98AF6548-D575-4948-9CCF-74831D0BD4A2}.Release MinDependency|Win32.ActiveCfg = Release|Win32
		{98AF6548-D575-4948-9CCF-74831D0BD4A2}.Release MinSize|Win32.ActiveCfg = Release|Win32
		{98AF6548-D575-4948-9CCF-74831D0BD4A2}.Release NiWebMetrics Miles Sound|Win32.ActiveCfg = Release|Win32
		{98AF6548-D575-4948-9CCF-74831D0BD4A2}.Release NiWebMetrics|Win32.ActiveCfg = Release|Win32
		{98AF6548-D575-4948-9CCF-74831D0BD4A2}.Release|Win32.ActiveCfg = Release|Win32
		{98AF6548-D575-4948-9CCF-74831D0BD4A2}.ReleasePhysX27|Win32.ActiveCfg = Release|Win32
		{98AF6548-D575-4948-9CCF-74831D0BD4A2}.Unicode Debug|Win32.ActiveCfg = Debug|Win32
		{98AF6548-D575-4948-9CCF-74831D0BD4A2}.Unicode Release MinDependency|Win32.ActiveCfg = Release|Win32
		{98AF6548-D575-4948-9CCF-74831D0BD4A2}.Unicode Release MinSize|Win32.ActiveCfg = Release|Win32
		{20D86AC2-EF83-4A40-A7AC-0EF578E41265}.Debug Miles Sound|Win32.ActiveCfg = Debug|Win32
		{20D86AC2-EF83-4A40-A7AC-0EF578E41265}.Debug NiWebMetrics Miles Sound|Win32.ActiveCfg = Debug|Win32
		{20D86AC2-EF83-4A40-A7AC-0EF578E41265}.Debug NiWebMetrics|Win32.ActiveCfg = Debug|Win32
		{20D86AC2-EF83-4A40-A7AC-0EF578E41265}.Debug|Win32.ActiveCfg = Debug|Win32
		{20D86AC2-EF83-4A40-A7AC-0EF578E41265}.DebugMemory|Win32.ActiveCfg = Debug|Win32
		{20D86AC2-EF83-4A40-A7AC-0EF578E41265}.EffectEditor|Win32.ActiveCfg = Release|Win32
		{20D86AC2-EF83-4A40-A7AC-0EF578E41265}.Pet2Debug|Win32.ActiveCfg = Debug|Win32
		{20D86AC2-EF83-4A40-A7AC-0EF578E41265}.Release Miles Sound|Win32.ActiveCfg = Release|Win32
		{20D86AC2-EF83-4A40-A7AC-0EF578E41265}.Release MinDependency|Win32.ActiveCfg = Release|Win32
		{20D86AC2-EF83-4A40-A7AC-0EF578E41265}.Release MinSize|Win32.ActiveCfg = Release|Win32
		{20D86AC2-EF83-4A40-A7AC-0EF578E41265}.Release NiWebMetrics Miles Sound|Win32.ActiveCfg = Release|Win32
		{20D86AC2-EF83-4A40-A7AC-0EF578E41265}.Release NiWebMetrics|Win32.ActiveCfg = Release|Win32
		{20D86AC2-EF83-4A40-A7AC-0EF578E41265}.Release|Win32.ActiveCfg = Release|Win32
		{20D86AC2-EF83-4A40-A7AC-0EF578E41265}.ReleasePhysX27|Win32.ActiveCfg = Release|Win32
		{20D86AC2-EF83-4A40-A7AC-0EF578E41265}.Unicode Debug|Win32.ActiveCfg = Debug|Win32
		{20D86AC2-EF83-4A40-A7AC-0EF578E41265}.Unicode Release MinDependency|Win32.ActiveCfg = Release|Win32
		{20D86AC2-EF83-4A40-A7AC-0EF578E41265}.Unicode Release MinSize|Win32.ActiveCfg = Release|Win32
		{97A65788-4C8F-4D0C-8BDF-BDFD5A30B373}.Debug Miles Sound|Win32.ActiveCfg = Debug|Win32
		{97A65788-4C8F-4D0C-8BDF-BDFD5A30B373}.Debug NiWebMetrics Miles Sound|Win32.ActiveCfg = Debug|Win32
		{97A65788-4C8F-4D0C-8BDF-BDFD5A30B373}.Debug NiWebMetrics|Win32.ActiveCfg = Debug|Win32
		{97A65788-4C8F-4D0C-8BDF-BDFD5A30B373}.Debug|Win32.ActiveCfg = Debug|Win32
		{97A65788-4C8F-4D0C-8BDF-BDFD5A30B373}.DebugMemory|Win32.ActiveCfg = Debug|Win32
		{97A65788-4C8F-4D0C-8BDF-BDFD5A30B373}.EffectEditor|Win32.ActiveCfg = Release|Win32
		{97A65788-4C8F-4D0C-8BDF-BDFD5A30B373}.Pet2Debug|Win32.ActiveCfg = Debug|Win32
		{97A65788-4C8F-4D0C-8BDF-BDFD5A30B373}.Release Miles Sound|Win32.ActiveCfg = Release|Win32
		{97A65788-4C8F-4D0C-8BDF-BDFD5A30B373}.Release MinDependency|Win32.ActiveCfg = Release|Win32
		{97A65788-4C8F-4D0C-8BDF-BDFD5A30B373}.Release MinSize|Win32.ActiveCfg = Release|Win32
		{97A65788-4C8F-4D0C-8BDF-BDFD5A30B373}.Release NiWebMetrics Miles Sound|Win32.ActiveCfg = Release|Win32
		{97A65788-4C8F-4D0C-8BDF-BDFD5A30B373}.Release NiWebMetrics|Win32.ActiveCfg = Release|Win32
		{97A65788-4C8F-4D0C-8BDF-BDFD5A30B373}.Release|Win32.ActiveCfg = Release|Win32
		{97A65788-4C8F-4D0C-8BDF-BDFD5A30B373}.ReleasePhysX27|Win32.ActiveCfg = Release|Win32
		{97A65788-4C8F-4D0C-8BDF-BDFD5A30B373}.Unicode Debug|Win32.ActiveCfg = Debug|Win32
		{97A65788-4C8F-4D0C-8BDF-BDFD5A30B373}.Unicode Release MinDependency|Win32.ActiveCfg = Release|Win32
		{97A65788-4C8F-4D0C-8BDF-BDFD5A30B373}.Unicode Release MinSize|Win32.ActiveCfg = Release|Win32
		{D8323581-B384-4E1C-B0DA-EA9EFD6D0D9A}.Debug Miles Sound|Win32.ActiveCfg = Debug|Win32
		{D8323581-B384-4E1C-B0DA-EA9EFD6D0D9A}.Debug NiWebMetrics Miles Sound|Win32.ActiveCfg = Debug|Win32
		{D8323581-B384-4E1C-B0DA-EA9EFD6D0D9A}.Debug NiWebMetrics|Win32.ActiveCfg = Debug|Win32
		{D8323581-B384-4E1C-B0DA-EA9EFD6D0D9A}.Debug|Win32.ActiveCfg = Debug|Win32
		{D8323581-B384-4E1C-B0DA-EA9EFD6D0D9A}.DebugMemory|Win32.ActiveCfg = Debug|Win32
		{D8323581-B384-4E1C-B0DA-EA9EFD6D0D9A}.EffectEditor|Win32.ActiveCfg = Release|Win32
		{D8323581-B384-4E1C-B0DA-EA9EFD6D0D9A}.Pet2Debug|Win32.ActiveCfg = Debug|Win32
		{D8323581-B384-4E1C-B0DA-EA9EFD6D0D9A}.Release Miles Sound|Win32.ActiveCfg = Release|Win32
		{D8323581-B384-4E1C-B0DA-EA9EFD6D0D9A}.Release MinDependency|Win32.ActiveCfg = Release|Win32
		{D8323581-B384-4E1C-B0DA-EA9EFD6D0D9A}.Release MinSize|Win32.ActiveCfg = Release|Win32
		{D8323581-B384-4E1C-B0DA-EA9EFD6D0D9A}.Release NiWebMetrics Miles Sound|Win32.ActiveCfg = Release|Win32
		{D8323581-B384-4E1C-B0DA-EA9EFD6D0D9A}.Release NiWebMetrics|Win32.ActiveCfg = Release|Win32
		{D8323581-B384-4E1C-B0DA-EA9EFD6D0D9A}.Release|Win32.ActiveCfg = Release|Win32
		{D8323581-B384-4E1C-B0DA-EA9EFD6D0D9A}.ReleasePhysX27|Win32.ActiveCfg = Release|Win32
		{D8323581-B384-4E1C-B0DA-EA9EFD6D0D9A}.Unicode Debug|Win32.ActiveCfg = Debug|Win32
		{D8323581-B384-4E1C-B0DA-EA9EFD6D0D9A}.Unicode Release MinDependency|Win32.ActiveCfg = Release|Win32
		{D8323581-B384-4E1C-B0DA-EA9EFD6D0D9A}.Unicode Release MinSize|Win32.ActiveCfg = Release|Win32
		{AA75B895-9958-4D71-9419-D86946478CAA}.Debug Miles Sound|Win32.ActiveCfg = Debug|Win32
		{AA75B895-9958-4D71-9419-D86946478CAA}.Debug NiWebMetrics Miles Sound|Win32.ActiveCfg = Debug|Win32
		{AA75B895-9958-4D71-9419-D86946478CAA}.Debug NiWebMetrics|Win32.ActiveCfg = Debug|Win32
		{AA75B895-9958-4D71-9419-D86946478CAA}.Debug|Win32.ActiveCfg = Debug|Win32
		{AA75B895-9958-4D71-9419-D86946478CAA}.DebugMemory|Win32.ActiveCfg = Debug|Win32
		{AA75B895-9958-4D71-9419-D86946478CAA}.EffectEditor|Win32.ActiveCfg = Release|Win32
		{AA75B895-9958-4D71-9419-D86946478CAA}.Pet2Debug|Win32.ActiveCfg = Debug|Win32
		{AA75B895-9958-4D71-9419-D86946478CAA}.Release Miles Sound|Win32.ActiveCfg = Release|Win32
		{AA75B895-9958-4D71-9419-D86946478CAA}.Release MinDependency|Win32.ActiveCfg = Release|Win32
		{AA75B895-9958-4D71-9419-D86946478CAA}.Release MinSize|Win32.ActiveCfg = Release|Win32
		{AA75B895-9958-4D71-9419-D86946478CAA}.Release NiWebMetrics Miles Sound|Win32.ActiveCfg = Release|Win32
		{AA75B895-9958-4D71-9419-D86946478CAA}.Release NiWebMetrics|Win32.ActiveCfg = Release|Win32
		{AA75B895-9958-4D71-9419-D86946478CAA}.Release|Win32.ActiveCfg = Release|Win32
		{AA75B895-9958-4D71-9419-D86946478CAA}.ReleasePhysX27|Win32.ActiveCfg = Release|Win32
		{AA75B895-9958-4D71-9419-D86946478CAA}.Unicode Debug|Win32.ActiveCfg = Debug|Win32
		{AA75B895-9958-4D71-9419-D86946478CAA}.Unicode Release MinDependency|Win32.ActiveCfg = Release|Win32
		{AA75B895-9958-4D71-9419-D86946478CAA}.Unicode Release MinSize|Win32.ActiveCfg = Release|Win32
		{96C32022-A9A6-4C1A-9B75-AE45AD41853A}.Debug Miles Sound|Win32.ActiveCfg = Debug|Win32
		{96C32022-A9A6-4C1A-9B75-AE45AD41853A}.Debug NiWebMetrics Miles Sound|Win32.ActiveCfg = Debug|Win32
		{96C32022-A9A6-4C1A-9B75-AE45AD41853A}.Debug NiWebMetrics|Win32.ActiveCfg = Debug|Win32
		{96C32022-A9A6-4C1A-9B75-AE45AD41853A}.Debug|Win32.ActiveCfg = Debug|Win32
		{96C32022-A9A6-4C1A-9B75-AE45AD41853A}.DebugMemory|Win32.ActiveCfg = Debug|Win32
		{96C32022-A9A6-4C1A-9B75-AE45AD41853A}.EffectEditor|Win32.ActiveCfg = Release|Win32
		{96C32022-A9A6-4C1A-9B75-AE45AD41853A}.Pet2Debug|Win32.ActiveCfg = Debug|Win32
		{96C32022-A9A6-4C1A-9B75-AE45AD41853A}.Release Miles Sound|Win32.ActiveCfg = Release|Win32
		{96C32022-A9A6-4C1A-9B75-AE45AD41853A}.Release MinDependency|Win32.ActiveCfg = Release|Win32
		{96C32022-A9A6-4C1A-9B75-AE45AD41853A}.Release MinSize|Win32.ActiveCfg = Release|Win32
		{96C32022-A9A6-4C1A-9B75-AE45AD41853A}.Release NiWebMetrics Miles Sound|Win32.ActiveCfg = Release|Win32
		{96C32022-A9A6-4C1A-9B75-AE45AD41853A}.Release NiWebMetrics|Win32.ActiveCfg = Release|Win32
		{96C32022-A9A6-4C1A-9B75-AE45AD41853A}.Release|Win32.ActiveCfg = Release|Win32
		{96C32022-A9A6-4C1A-9B75-AE45AD41853A}.ReleasePhysX27|Win32.ActiveCfg = Release|Win32
		{96C32022-A9A6-4C1A-9B75-AE45AD41853A}.Unicode Debug|Win32.ActiveCfg = Debug|Win32
		{96C32022-A9A6-4C1A-9B75-AE45AD41853A}.Unicode Release MinDependency|Win32.ActiveCfg = Release|Win32
		{96C32022-A9A6-4C1A-9B75-AE45AD41853A}.Unicode Release MinSize|Win32.ActiveCfg = Release|Win32
		{BFF8E267-DC95-4FA6-B0A1-DAB90991197E}.Debug Miles Sound|Win32.ActiveCfg = Debug|Win32
		{BFF8E267-DC95-4FA6-B0A1-DAB90991197E}.Debug NiWebMetrics Miles Sound|Win32.ActiveCfg = Debug|Win32
		{BFF8E267-DC95-4FA6-B0A1-DAB90991197E}.Debug NiWebMetrics|Win32.ActiveCfg = Debug|Win32
		{BFF8E267-DC95-4FA6-B0A1-DAB90991197E}.Debug|Win32.ActiveCfg = Debug|Win32
		{BFF8E267-DC95-4FA6-B0A1-DAB90991197E}.DebugMemory|Win32.ActiveCfg = Debug|Win32
		{BFF8E267-DC95-4FA6-B0A1-DAB90991197E}.EffectEditor|Win32.ActiveCfg = Release|Win32
		{BFF8E267-DC95-4FA6-B0A1-DAB90991197E}.Pet2Debug|Win32.ActiveCfg = Debug|Win32
		{BFF8E267-DC95-4FA6-B0A1-DAB90991197E}.Release Miles Sound|Win32.ActiveCfg = Release|Win32
		{BFF8E267-DC95-4FA6-B0A1-DAB90991197E}.Release MinDependency|Win32.ActiveCfg = Release|Win32
		{BFF8E267-DC95-4FA6-B0A1-DAB90991197E}.Release MinSize|Win32.ActiveCfg = Release|Win32
		{BFF8E267-DC95-4FA6-B0A1-DAB90991197E}.Release NiWebMetrics Miles Sound|Win32.ActiveCfg = Release|Win32
		{BFF8E267-DC95-4FA6-B0A1-DAB90991197E}.Release NiWebMetrics|Win32.ActiveCfg = Release|Win32
		{BFF8E267-DC95-4FA6-B0A1-DAB90991197E}.Release|Win32.ActiveCfg = Release|Win32
		{BFF8E267-DC95-4FA6-B0A1-DAB90991197E}.ReleasePhysX27|Win32.ActiveCfg = Release|Win32
		{BFF8E267-DC95-4FA6-B0A1-DAB90991197E}.Unicode Debug|Win32.ActiveCfg = Debug|Win32
		{BFF8E267-DC95-4FA6-B0A1-DAB90991197E}.Unicode Release MinDependency|Win32.ActiveCfg = Release|Win32
		{BFF8E267-DC95-4FA6-B0A1-DAB90991197E}.Unicode Release MinSize|Win32.ActiveCfg = Release|Win32
		{B63D29E3-2949-4A70-B2D4-9A4D295ED4C6}.Debug Miles Sound|Win32.ActiveCfg = Debug|Win32
		{B63D29E3-2949-4A70-B2D4-9A4D295ED4C6}.Debug NiWebMetrics Miles Sound|Win32.ActiveCfg = Debug|Win32
		{B63D29E3-2949-4A70-B2D4-9A4D295ED4C6}.Debug NiWebMetrics|Win32.ActiveCfg = Debug|Win32
		{B63D29E3-2949-4A70-B2D4-9A4D295ED4C6}.Debug|Win32.ActiveCfg = Debug|Win32
		{B63D29E3-2949-4A70-B2D4-9A4D295ED4C6}.DebugMemory|Win32.ActiveCfg = Debug|Win32
		{B63D29E3-2949-4A70-B2D4-9A4D295ED4C6}.EffectEditor|Win32.ActiveCfg = Release|Win32
		{B63D29E3-2949-4A70-B2D4-9A4D295ED4C6}.Pet2Debug|Win32.ActiveCfg = Debug|Win32
		{B63D29E3-2949-4A70-B2D4-9A4D295ED4C6}.Release Miles Sound|Win32.ActiveCfg = Release|Win32
		{B63D29E3-2949-4A70-B2D4-9A4D295ED4C6}.Release MinDependency|Win32.ActiveCfg = Release|Win32
		{B63D29E3-2949-4A70-B2D4-9A4D295ED4C6}.Release MinSize|Win32.ActiveCfg = Release|Win32
		{B63D29E3-2949-4A70-B2D4-9A4D295ED4C6}.Release NiWebMetrics Miles Sound|Win32.ActiveCfg = Release|Win32
		{B63D29E3-2949-4A70-B2D4-9A4D295ED4C6}.Release NiWebMetrics|Win32.ActiveCfg = Release|Win32
		{B63D29E3-2949-4A70-B2D4-9A4D295ED4C6}.Release|Win32.ActiveCfg = Release|Win32
		{B63D29E3-2949-4A70-B2D4-9A4D295ED4C6}.ReleasePhysX27|Win32.ActiveCfg = Release|Win32
		{B63D29E3-2949-4A70-B2D4-9A4D295ED4C6}.Unicode Debug|Win32.ActiveCfg = Debug|Win32
		{B63D29E3-2949-4A70-B2D4-9A4D295ED4C6}.Unicode Release MinDependency|Win32.ActiveCfg = Release|Win32
		{B63D29E3-2949-4A70-B2D4-9A4D295ED4C6}.Unicode Release MinSize|Win32.ActiveCfg = Release|Win32
		{6098E7F9-A291-479E-AB27-1676A7CC1BEB}.Debug Miles Sound|Win32.ActiveCfg = Debug|Win32
		{6098E7F9-A291-479E-AB27-1676A7CC1BEB}.Debug NiWebMetrics Miles Sound|Win32.ActiveCfg = Debug|Win32
		{6098E7F9-A291-479E-AB27-1676A7CC1BEB}.Debug NiWebMetrics|Win32.ActiveCfg = Debug|Win32
		{6098E7F9-A291-479E-AB27-1676A7CC1BEB}.Debug|Win32.ActiveCfg = Debug|Win32
		{6098E7F9-A291-479E-AB27-1676A7CC1BEB}.DebugMemory|Win32.ActiveCfg = Debug|Win32
		{6098E7F9-A291-479E-AB27-1676A7CC1BEB}.EffectEditor|Win32.ActiveCfg = Release MinSize|Win32
		{6098E7F9-A291-479E-AB27-1676A7CC1BEB}.Pet2Debug|Win32.ActiveCfg = Debug|Win32
		{6098E7F9-A291-479E-AB27-1676A7CC1BEB}.Release Miles Sound|Win32.ActiveCfg = Release MinSize|Win32
		{6098E7F9-A291-479E-AB27-1676A7CC1BEB}.Release MinDependency|Win32.ActiveCfg = Release MinSize|Win32
		{6098E7F9-A291-479E-AB27-1676A7CC1BEB}.Release MinSize|Win32.ActiveCfg = Release MinSize|Win32
		{6098E7F9-A291-479E-AB27-1676A7CC1BEB}.Release NiWebMetrics Miles Sound|Win32.ActiveCfg = Release MinSize|Win32
		{6098E7F9-A291-479E-AB27-1676A7CC1BEB}.Release NiWebMetrics|Win32.ActiveCfg = Release MinSize|Win32
		{6098E7F9-A291-479E-AB27-1676A7CC1BEB}.Release|Win32.ActiveCfg = Release MinSize|Win32
		{6098E7F9-A291-479E-AB27-1676A7CC1BEB}.ReleasePhysX27|Win32.ActiveCfg = Release MinSize|Win32
		{6098E7F9-A291-479E-AB27-1676A7CC1BEB}.Unicode Debug|Win32.ActiveCfg = Debug|Win32
		{6098E7F9-A291-479E-AB27-1676A7CC1BEB}.Unicode Release MinDependency|Win32.ActiveCfg = Release MinSize|Win32
		{6098E7F9-A291-479E-AB27-1676A7CC1BEB}.Unicode Release MinSize|Win32.ActiveCfg = Release MinSize|Win32
		{4DA6088E-762E-493C-9BEC-90F82E1C2B6B}.Debug Miles Sound|Win32.ActiveCfg = Debug|Win32
		{4DA6088E-762E-493C-9BEC-90F82E1C2B6B}.Debug NiWebMetrics Miles Sound|Win32.ActiveCfg = Debug|Win32
		{4DA6088E-762E-493C-9BEC-90F82E1C2B6B}.Debug NiWebMetrics|Win32.ActiveCfg = Debug|Win32
		{4DA6088E-762E-493C-9BEC-90F82E1C2B6B}.Debug|Win32.ActiveCfg = Debug|Win32
		{4DA6088E-762E-493C-9BEC-90F82E1C2B6B}.DebugMemory|Win32.ActiveCfg = Debug|Win32
		{4DA6088E-762E-493C-9BEC-90F82E1C2B6B}.EffectEditor|Win32.ActiveCfg = Release MinSize|Win32
		{4DA6088E-762E-493C-9BEC-90F82E1C2B6B}.Pet2Debug|Win32.ActiveCfg = Debug|Win32
		{4DA6088E-762E-493C-9BEC-90F82E1C2B6B}.Release Miles Sound|Win32.ActiveCfg = Release MinSize|Win32
		{4DA6088E-762E-493C-9BEC-90F82E1C2B6B}.Release MinDependency|Win32.ActiveCfg = Release MinSize|Win32
		{4DA6088E-762E-493C-9BEC-90F82E1C2B6B}.Release MinSize|Win32.ActiveCfg = Release MinSize|Win32
		{4DA6088E-762E-493C-9BEC-90F82E1C2B6B}.Release NiWebMetrics Miles Sound|Win32.ActiveCfg = Release MinSize|Win32
		{4DA6088E-762E-493C-9BEC-90F82E1C2B6B}.Release NiWebMetrics|Win32.ActiveCfg = Release MinSize|Win32
		{4DA6088E-762E-493C-9BEC-90F82E1C2B6B}.Release|Win32.ActiveCfg = Release MinSize|Win32
		{4DA6088E-762E-493C-9BEC-90F82E1C2B6B}.ReleasePhysX27|Win32.ActiveCfg = Release MinSize|Win32
		{4DA6088E-762E-493C-9BEC-90F82E1C2B6B}.Unicode Debug|Win32.ActiveCfg = Debug|Win32
		{4DA6088E-762E-493C-9BEC-90F82E1C2B6B}.Unicode Release MinDependency|Win32.ActiveCfg = Release MinSize|Win32
		{4DA6088E-762E-493C-9BEC-90F82E1C2B6B}.Unicode Release MinSize|Win32.ActiveCfg = Release MinSize|Win32
		{DFA4BCD1-76F0-4705-BDE0-8F415765EDE7}.Debug Miles Sound|Win32.ActiveCfg = Debug|Win32
		{DFA4BCD1-76F0-4705-BDE0-8F415765EDE7}.Debug NiWebMetrics Miles Sound|Win32.ActiveCfg = Debug|Win32
		{DFA4BCD1-76F0-4705-BDE0-8F415765EDE7}.Debug NiWebMetrics|Win32.ActiveCfg = Debug|Win32
		{DFA4BCD1-76F0-4705-BDE0-8F415765EDE7}.Debug|Win32.ActiveCfg = Debug|Win32
		{DFA4BCD1-76F0-4705-BDE0-8F415765EDE7}.DebugMemory|Win32.ActiveCfg = Debug|Win32
		{DFA4BCD1-76F0-4705-BDE0-8F415765EDE7}.EffectEditor|Win32.ActiveCfg = Release|Win32
		{DFA4BCD1-76F0-4705-BDE0-8F415765EDE7}.Pet2Debug|Win32.ActiveCfg = Debug|Win32
		{DFA4BCD1-76F0-4705-BDE0-8F415765EDE7}.Release Miles Sound|Win32.ActiveCfg = Release|Win32
		{DFA4BCD1-76F0-4705-BDE0-8F415765EDE7}.Release MinDependency|Win32.ActiveCfg = Release|Win32
		{DFA4BCD1-76F0-4705-BDE0-8F415765EDE7}.Release MinSize|Win32.ActiveCfg = Release|Win32
		{DFA4BCD1-76F0-4705-BDE0-8F415765EDE7}.Release NiWebMetrics Miles Sound|Win32.ActiveCfg = Release|Win32
		{DFA4BCD1-76F0-4705-BDE0-8F415765EDE7}.Release NiWebMetrics|Win32.ActiveCfg = Release|Win32
		{DFA4BCD1-76F0-4705-BDE0-8F415765EDE7}.Release|Win32.ActiveCfg = Release|Win32
		{DFA4BCD1-76F0-4705-BDE0-8F415765EDE7}.ReleasePhysX27|Win32.ActiveCfg = Release|Win32
		{DFA4BCD1-76F0-4705-BDE0-8F415765EDE7}.Unicode Debug|Win32.ActiveCfg = Debug|Win32
		{DFA4BCD1-76F0-4705-BDE0-8F415765EDE7}.Unicode Release MinDependency|Win32.ActiveCfg = Release|Win32
		{DFA4BCD1-76F0-4705-BDE0-8F415765EDE7}.Unicode Release MinSize|Win32.ActiveCfg = Release|Win32
		{8FB48E87-07A8-423F-9347-4FD69F226C8A}.Debug Miles Sound|Win32.ActiveCfg = Debug|Win32
		{8FB48E87-07A8-423F-9347-4FD69F226C8A}.Debug NiWebMetrics Miles Sound|Win32.ActiveCfg = Debug|Win32
		{8FB48E87-07A8-423F-9347-4FD69F226C8A}.Debug NiWebMetrics|Win32.ActiveCfg = Debug|Win32
		{8FB48E87-07A8-423F-9347-4FD69F226C8A}.Debug|Win32.ActiveCfg = Debug|Win32
		{8FB48E87-07A8-423F-9347-4FD69F226C8A}.DebugMemory|Win32.ActiveCfg = Debug|Win32
		{8FB48E87-07A8-423F-9347-4FD69F226C8A}.EffectEditor|Win32.ActiveCfg = Release|Win32
		{8FB48E87-07A8-423F-9347-4FD69F226C8A}.Pet2Debug|Win32.ActiveCfg = Debug|Win32
		{8FB48E87-07A8-423F-9347-4FD69F226C8A}.Release Miles Sound|Win32.ActiveCfg = Release|Win32
		{8FB48E87-07A8-423F-9347-4FD69F226C8A}.Release MinDependency|Win32.ActiveCfg = Release|Win32
		{8FB48E87-07A8-423F-9347-4FD69F226C8A}.Release MinSize|Win32.ActiveCfg = Release|Win32
		{8FB48E87-07A8-423F-9347-4FD69F226C8A}.Release NiWebMetrics Miles Sound|Win32.ActiveCfg = Release|Win32
		{8FB48E87-07A8-423F-9347-4FD69F226C8A}.Release NiWebMetrics|Win32.ActiveCfg = Release|Win32
		{8FB48E87-07A8-423F-9347-4FD69F226C8A}.Release|Win32.ActiveCfg = Release|Win32
		{8FB48E87-07A8-423F-9347-4FD69F226C8A}.ReleasePhysX27|Win32.ActiveCfg = Release|Win32
		{8FB48E87-07A8-423F-9347-4FD69F226C8A}.Unicode Debug|Win32.ActiveCfg = Debug|Win32
		{8FB48E87-07A8-423F-9347-4FD69F226C8A}.Unicode Release MinDependency|Win32.ActiveCfg = Release|Win32
		{8FB48E87-07A8-423F-9347-4FD69F226C8A}.Unicode Release MinSize|Win32.ActiveCfg = Release|Win32
		{F5A8A21C-4123-4E79-BFA7-E2FF18645C88}.Debug Miles Sound|Win32.ActiveCfg = Debug|Win32
		{F5A8A21C-4123-4E79-BFA7-E2FF18645C88}.Debug NiWebMetrics Miles Sound|Win32.ActiveCfg = Debug|Win32
		{F5A8A21C-4123-4E79-BFA7-E2FF18645C88}.Debug NiWebMetrics|Win32.ActiveCfg = Debug|Win32
		{F5A8A21C-4123-4E79-BFA7-E2FF18645C88}.Debug|Win32.ActiveCfg = Debug|Win32
		{F5A8A21C-4123-4E79-BFA7-E2FF18645C88}.DebugMemory|Win32.ActiveCfg = Debug|Win32
		{F5A8A21C-4123-4E79-BFA7-E2FF18645C88}.EffectEditor|Win32.ActiveCfg = Release|Win32
		{F5A8A21C-4123-4E79-BFA7-E2FF18645C88}.Pet2Debug|Win32.ActiveCfg = Debug|Win32
		{F5A8A21C-4123-4E79-BFA7-E2FF18645C88}.Release Miles Sound|Win32.ActiveCfg = Release|Win32
		{F5A8A21C-4123-4E79-BFA7-E2FF18645C88}.Release MinDependency|Win32.ActiveCfg = Release|Win32
		{F5A8A21C-4123-4E79-BFA7-E2FF18645C88}.Release MinSize|Win32.ActiveCfg = Release|Win32
		{F5A8A21C-4123-4E79-BFA7-E2FF18645C88}.Release NiWebMetrics Miles Sound|Win32.ActiveCfg = Release|Win32
		{F5A8A21C-4123-4E79-BFA7-E2FF18645C88}.Release NiWebMetrics|Win32.ActiveCfg = Release|Win32
		{F5A8A21C-4123-4E79-BFA7-E2FF18645C88}.Release|Win32.ActiveCfg = Release|Win32
		{F5A8A21C-4123-4E79-BFA7-E2FF18645C88}.ReleasePhysX27|Win32.ActiveCfg = Release|Win32
		{F5A8A21C-4123-4E79-BFA7-E2FF18645C88}.Unicode Debug|Win32.ActiveCfg = Debug|Win32
		{F5A8A21C-4123-4E79-BFA7-E2FF18645C88}.Unicode Release MinDependency|Win32.ActiveCfg = Release|Win32
		{F5A8A21C-4123-4E79-BFA7-E2FF18645C88}.Unicode Release MinSize|Win32.ActiveCfg = Release|Win32
		{5D99077F-E292-43DD-977F-1BB31C31AA44}.Debug Miles Sound|Win32.ActiveCfg = Debug|Win32
		{5D99077F-E292-43DD-977F-1BB31C31AA44}.Debug NiWebMetrics Miles Sound|Win32.ActiveCfg = Debug|Win32
		{5D99077F-E292-43DD-977F-1BB31C31AA44}.Debug NiWebMetrics|Win32.ActiveCfg = Debug|Win32
		{5D99077F-E292-43DD-977F-1BB31C31AA44}.Debug|Win32.ActiveCfg = Debug|Win32
		{5D99077F-E292-43DD-977F-1BB31C31AA44}.DebugMemory|Win32.ActiveCfg = Debug|Win32
		{5D99077F-E292-43DD-977F-1BB31C31AA44}.EffectEditor|Win32.ActiveCfg = Release|Win32
		{5D99077F-E292-43DD-977F-1BB31C31AA44}.Pet2Debug|Win32.ActiveCfg = Debug|Win32
		{5D99077F-E292-43DD-977F-1BB31C31AA44}.Release Miles Sound|Win32.ActiveCfg = Release|Win32
		{5D99077F-E292-43DD-977F-1BB31C31AA44}.Release MinDependency|Win32.ActiveCfg = Release|Win32
		{5D99077F-E292-43DD-977F-1BB31C31AA44}.Release MinSize|Win32.ActiveCfg = Release|Win32
		{5D99077F-E292-43DD-977F-1BB31C31AA44}.Release NiWebMetrics Miles Sound|Win32.ActiveCfg = Release|Win32
		{5D99077F-E292-43DD-977F-1BB31C31AA44}.Release NiWebMetrics|Win32.ActiveCfg = Release|Win32
		{5D99077F-E292-43DD-977F-1BB31C31AA44}.Release|Win32.ActiveCfg = Release|Win32
		{5D99077F-E292-43DD-977F-1BB31C31AA44}.ReleasePhysX27|Win32.ActiveCfg = Release|Win32
		{5D99077F-E292-43DD-977F-1BB31C31AA44}.Unicode Debug|Win32.ActiveCfg = Debug|Win32
		{5D99077F-E292-43DD-977F-1BB31C31AA44}.Unicode Release MinDependency|Win32.ActiveCfg = Release|Win32
		{5D99077F-E292-43DD-977F-1BB31C31AA44}.Unicode Release MinSize|Win32.ActiveCfg = Release|Win32
		{C6FA93C4-0EE7-4B37-9BE4-35FF38029A19}.Debug Miles Sound|Win32.ActiveCfg = Debug|Win32
		{C6FA93C4-0EE7-4B37-9BE4-35FF38029A19}.Debug NiWebMetrics Miles Sound|Win32.ActiveCfg = Debug|Win32
		{C6FA93C4-0EE7-4B37-9BE4-35FF38029A19}.Debug NiWebMetrics|Win32.ActiveCfg = Debug|Win32
		{C6FA93C4-0EE7-4B37-9BE4-35FF38029A19}.Debug|Win32.ActiveCfg = Debug|Win32
		{C6FA93C4-0EE7-4B37-9BE4-35FF38029A19}.DebugMemory|Win32.ActiveCfg = Debug|Win32
		{C6FA93C4-0EE7-4B37-9BE4-35FF38029A19}.EffectEditor|Win32.ActiveCfg = Release|Win32
		{C6FA93C4-0EE7-4B37-9BE4-35FF38029A19}.Pet2Debug|Win32.ActiveCfg = Debug|Win32
		{C6FA93C4-0EE7-4B37-9BE4-35FF38029A19}.Release Miles Sound|Win32.ActiveCfg = Release|Win32
		{C6FA93C4-0EE7-4B37-9BE4-35FF38029A19}.Release MinDependency|Win32.ActiveCfg = Release|Win32
		{C6FA93C4-0EE7-4B37-9BE4-35FF38029A19}.Release MinSize|Win32.ActiveCfg = Release|Win32
		{C6FA93C4-0EE7-4B37-9BE4-35FF38029A19}.Release NiWebMetrics Miles Sound|Win32.ActiveCfg = Release|Win32
		{C6FA93C4-0EE7-4B37-9BE4-35FF38029A19}.Release NiWebMetrics|Win32.ActiveCfg = Release|Win32
		{C6FA93C4-0EE7-4B37-9BE4-35FF38029A19}.Release|Win32.ActiveCfg = Release|Win32
		{C6FA93C4-0EE7-4B37-9BE4-35FF38029A19}.ReleasePhysX27|Win32.ActiveCfg = Release|Win32
		{C6FA93C4-0EE7-4B37-9BE4-35FF38029A19}.Unicode Debug|Win32.ActiveCfg = Debug|Win32
		{C6FA93C4-0EE7-4B37-9BE4-35FF38029A19}.Unicode Release MinDependency|Win32.ActiveCfg = Release|Win32
		{C6FA93C4-0EE7-4B37-9BE4-35FF38029A19}.Unicode Release MinSize|Win32.ActiveCfg = Release|Win32
		{02D4E18C-7DF1-47BE-AF7F-32889F293098}.Debug Miles Sound|Win32.ActiveCfg = Debug|Win32
		{02D4E18C-7DF1-47BE-AF7F-32889F293098}.Debug NiWebMetrics Miles Sound|Win32.ActiveCfg = Debug|Win32
		{02D4E18C-7DF1-47BE-AF7F-32889F293098}.Debug NiWebMetrics|Win32.ActiveCfg = Debug|Win32
		{02D4E18C-7DF1-47BE-AF7F-32889F293098}.Debug|Win32.ActiveCfg = Debug|Win32
		{02D4E18C-7DF1-47BE-AF7F-32889F293098}.DebugMemory|Win32.ActiveCfg = Debug|Win32
		{02D4E18C-7DF1-47BE-AF7F-32889F293098}.EffectEditor|Win32.ActiveCfg = Release MinSize|Win32
		{02D4E18C-7DF1-47BE-AF7F-32889F293098}.Pet2Debug|Win32.ActiveCfg = Debug|Win32
		{02D4E18C-7DF1-47BE-AF7F-32889F293098}.Release Miles Sound|Win32.ActiveCfg = Release MinSize|Win32
		{02D4E18C-7DF1-47BE-AF7F-32889F293098}.Release MinDependency|Win32.ActiveCfg = Release MinSize|Win32
		{02D4E18C-7DF1-47BE-AF7F-32889F293098}.Release MinSize|Win32.ActiveCfg = Release MinSize|Win32
		{02D4E18C-7DF1-47BE-AF7F-32889F293098}.Release NiWebMetrics Miles Sound|Win32.ActiveCfg = Release MinSize|Win32
		{02D4E18C-7DF1-47BE-AF7F-32889F293098}.Release NiWebMetrics|Win32.ActiveCfg = Release MinSize|Win32
		{02D4E18C-7DF1-47BE-AF7F-32889F293098}.Release|Win32.ActiveCfg = Release MinSize|Win32
		{02D4E18C-7DF1-47BE-AF7F-32889F293098}.ReleasePhysX27|Win32.ActiveCfg = Release MinSize|Win32
		{02D4E18C-7DF1-47BE-AF7F-32889F293098}.Unicode Debug|Win32.ActiveCfg = Debug|Win32
		{02D4E18C-7DF1-47BE-AF7F-32889F293098}.Unicode Release MinDependency|Win32.ActiveCfg = Release MinSize|Win32
		{02D4E18C-7DF1-47BE-AF7F-32889F293098}.Unicode Release MinSize|Win32.ActiveCfg = Release MinSize|Win32
		{75081350-0715-4347-A716-7078E1295FF3}.Debug Miles Sound|Win32.ActiveCfg = Debug Miles Sound|Win32
		{75081350-0715-4347-A716-7078E1295FF3}.Debug NiWebMetrics Miles Sound|Win32.ActiveCfg = Debug NiWebMetrics Miles Sound|Win32
		{75081350-0715-4347-A716-7078E1295FF3}.Debug NiWebMetrics|Win32.ActiveCfg = Debug NiWebMetrics|Win32
		{75081350-0715-4347-A716-7078E1295FF3}.Debug|Win32.ActiveCfg = Debug|Win32
		{75081350-0715-4347-A716-7078E1295FF3}.DebugMemory|Win32.ActiveCfg = Debug NiWebMetrics Miles Sound|Win32
		{75081350-0715-4347-A716-7078E1295FF3}.EffectEditor|Win32.ActiveCfg = Release NiWebMetrics|Win32
		{75081350-0715-4347-A716-7078E1295FF3}.Pet2Debug|Win32.ActiveCfg = Debug|Win32
		{75081350-0715-4347-A716-7078E1295FF3}.Release Miles Sound|Win32.ActiveCfg = Release Miles Sound|Win32
		{75081350-0715-4347-A716-7078E1295FF3}.Release MinDependency|Win32.ActiveCfg = Release Miles Sound|Win32
		{75081350-0715-4347-A716-7078E1295FF3}.Release MinSize|Win32.ActiveCfg = Release Miles Sound|Win32
		{75081350-0715-4347-A716-7078E1295FF3}.Release NiWebMetrics Miles Sound|Win32.ActiveCfg = Release NiWebMetrics Miles Sound|Win32
		{75081350-0715-4347-A716-7078E1295FF3}.Release NiWebMetrics|Win32.ActiveCfg = Release NiWebMetrics|Win32
		{75081350-0715-4347-A716-7078E1295FF3}.Release|Win32.ActiveCfg = Release|Win32
		{75081350-0715-4347-A716-7078E1295FF3}.ReleasePhysX27|Win32.ActiveCfg = Release NiWebMetrics|Win32
		{75081350-0715-4347-A716-7078E1295FF3}.Unicode Debug|Win32.ActiveCfg = Debug|Win32
		{75081350-0715-4347-A716-7078E1295FF3}.Unicode Release MinDependency|Win32.ActiveCfg = Release|Win32
		{75081350-0715-4347-A716-7078E1295FF3}.Unicode Release MinSize|Win32.ActiveCfg = Release|Win32
	EndGlobalSection
	GlobalSection(SolutionProperties) = preSolution
		HideSolutionNode = FALSE
	EndGlobalSection
	GlobalSection(DPCodeReviewSolutionGUID) = preSolution
		DPCodeReviewSolutionGUID = {00000000-0000-0000-0000-000000000000}
	EndGlobalSection
EndGlobal
