Microsoft Visual Studio Solution File, Format Version 11.00
# Visual Studio 2010
Project("{8BC9CEB8-8B4A-11D0-8D11-00A0C91BC942}") = "XImage", "..\libsrc\XImage\XImage.vcxproj", "{BFF8E267-DC95-4FA6-B0A1-DAB90991197E}"
EndProject
Project("{8BC9CEB8-8B4A-11D0-8D11-00A0C91BC942}") = "kernel", "..\libsrc\Kernel\kernel.vcxproj", "{B63D29E3-2949-4A70-B2D4-9A4D295ED4C6}"
EndProject
Project("{8BC9CEB8-8B4A-11D0-8D11-00A0C91BC942}") = "PingMgr", "..\pingmgr\QQTPing.vcxproj", "{DFA4BCD1-76F0-4705-BDE0-8F415765EDE7}"
EndProject
Project("{8BC9CEB8-8B4A-11D0-8D11-00A0C91BC942}") = "Top-Kart", "..\extentions\Top-Kart\Top-Kart.vcxproj", "{75081350-0715-4347-A716-7078E1295FF3}"
EndProject
Project("{8BC9CEB8-8B4A-11D0-8D11-00A0C91BC942}") = "Network", "..\network\Network.vcxproj", "{FEF93E02-226A-49C4-A74D-7C2975B9D20B}"
EndProject
Project("{8BC9CEB8-8B4A-11D0-8D11-00A0C91BC942}") = "ImageLib", "..\libsrc\ImageLib\ImageLib.vcxproj", "{96C32022-A9A6-4C1A-9B75-AE45AD41853A}"
EndProject
Project("{8BC9CEB8-8B4A-11D0-8D11-00A0C91BC942}") = "gameui", "..\libsrc\gameui\gameui.vcxproj", "{97A65788-4C8F-4D0C-8BDF-BDFD5A30B373}"
EndProject
Project("{8BC9CEB8-8B4A-11D0-8D11-00A0C91BC942}") = "vfilesys", "..\vfilesys\vfilesys.vcxproj", "{5FB2C63F-CBCB-442B-8096-FA1F253568ED}"
EndProject
Project("{8BC9CEB8-8B4A-11D0-8D11-00A0C91BC942}") = "P2PAdapter", "..\p2p\P2PAdapter\P2PAdapter.vcxproj", "{AD84A166-BC18-4260-AE13-B6080386E71B}"
EndProject
Project("{8BC9CEB8-8B4A-11D0-8D11-00A0C91BC942}") = "QQTHelp", "..\libsrc\QQTHelp\QQTHelp.vcxproj", "{CEB095D0-9156-456E-89D9-78D901560A28}"
EndProject
Project("{8BC9CEB8-8B4A-11D0-8D11-00A0C91BC942}") = "QQTPPP2ND", "..\p2p\QQTPPP2ND\QQTPPP2ND.vcxproj", "{F1D09E89-CD8D-49B2-8B25-460C536E6BCE}"
EndProject
Project("{8BC9CEB8-8B4A-11D0-8D11-00A0C91BC942}") = "UIEngine", "..\libsrc\UIEngine\UIEngine.vcxproj", "{470CFD4B-2624-4E9A-83A6-A2B4C2C0FC3F}"
EndProject
Project("{8BC9CEB8-8B4A-11D0-8D11-00A0C91BC942}") = "GameApp", "..\gameapp\GameApp.vcxproj", "{20D86AC2-EF83-4A40-A7AC-0EF578E41265}"
EndProject
Project("{8BC9CEB8-8B4A-11D0-8D11-00A0C91BC942}") = "loader", "..\loader\loader.vcxproj", "{E9357FCB-7E1A-4D25-A709-1259698E2045}"
EndProject
Global
	GlobalSection(SolutionConfigurationPlatforms) = preSolution
		Debug Miles Sound|Win32 = Debug Miles Sound|Win32
		Debug NiWebMetrics Miles Sound|Win32 = Debug NiWebMetrics Miles Sound|Win32
		Debug NiWebMetrics|Win32 = Debug NiWebMetrics|Win32
		Debug|Win32 = Debug|Win32
		DebugMemory|Win32 = DebugMemory|Win32
		EffectEditor|Win32 = EffectEditor|Win32
		Pet2Debug|Win32 = Pet2Debug|Win32
		Release Miles Sound|Win32 = Release Miles Sound|Win32
		Release MinDependency|Win32 = Release MinDependency|Win32
		Release MinSize|Win32 = Release MinSize|Win32
		Release NiWebMetrics Miles Sound|Win32 = Release NiWebMetrics Miles Sound|Win32
		Release NiWebMetrics|Win32 = Release NiWebMetrics|Win32
		Release|Win32 = Release|Win32
		ReleasePhysX27|Win32 = ReleasePhysX27|Win32
		Unicode Debug|Win32 = Unicode Debug|Win32
		Unicode Release MinDependency|Win32 = Unicode Release MinDependency|Win32
		Unicode Release MinSize|Win32 = Unicode Release MinSize|Win32
	EndGlobalSection
	GlobalSection(ProjectConfigurationPlatforms) = postSolution
		{BFF8E267-DC95-4FA6-B0A1-DAB90991197E}.Debug Miles Sound|Win32.ActiveCfg = Debug|Win32
		{BFF8E267-DC95-4FA6-B0A1-DAB90991197E}.Debug NiWebMetrics Miles Sound|Win32.ActiveCfg = Debug|Win32
		{BFF8E267-DC95-4FA6-B0A1-DAB90991197E}.Debug NiWebMetrics|Win32.ActiveCfg = Debug|Win32
		{BFF8E267-DC95-4FA6-B0A1-DAB90991197E}.Debug|Win32.ActiveCfg = Debug|Win32
		{BFF8E267-DC95-4FA6-B0A1-DAB90991197E}.DebugMemory|Win32.ActiveCfg = Debug|Win32
		{BFF8E267-DC95-4FA6-B0A1-DAB90991197E}.EffectEditor|Win32.ActiveCfg = ReleasePhysX27|Win32
		{BFF8E267-DC95-4FA6-B0A1-DAB90991197E}.Pet2Debug|Win32.ActiveCfg = Debug|Win32
		{BFF8E267-DC95-4FA6-B0A1-DAB90991197E}.Release Miles Sound|Win32.ActiveCfg = ReleasePhysX27|Win32
		{BFF8E267-DC95-4FA6-B0A1-DAB90991197E}.Release MinDependency|Win32.ActiveCfg = ReleasePhysX27|Win32
		{BFF8E267-DC95-4FA6-B0A1-DAB90991197E}.Release MinSize|Win32.ActiveCfg = ReleasePhysX27|Win32
		{BFF8E267-DC95-4FA6-B0A1-DAB90991197E}.Release NiWebMetrics Miles Sound|Win32.ActiveCfg = ReleasePhysX27|Win32
		{BFF8E267-DC95-4FA6-B0A1-DAB90991197E}.Release NiWebMetrics|Win32.ActiveCfg = ReleasePhysX27|Win32
		{BFF8E267-DC95-4FA6-B0A1-DAB90991197E}.Release|Win32.ActiveCfg = Release|Win32
		{BFF8E267-DC95-4FA6-B0A1-DAB90991197E}.ReleasePhysX27|Win32.ActiveCfg = ReleasePhysX27|Win32
		{BFF8E267-DC95-4FA6-B0A1-DAB90991197E}.Unicode Debug|Win32.ActiveCfg = Debug|Win32
		{BFF8E267-DC95-4FA6-B0A1-DAB90991197E}.Unicode Release MinDependency|Win32.ActiveCfg = Release|Win32
		{BFF8E267-DC95-4FA6-B0A1-DAB90991197E}.Unicode Release MinSize|Win32.ActiveCfg = Release|Win32
		{B63D29E3-2949-4A70-B2D4-9A4D295ED4C6}.Debug Miles Sound|Win32.ActiveCfg = Debug|Win32
		{B63D29E3-2949-4A70-B2D4-9A4D295ED4C6}.Debug NiWebMetrics Miles Sound|Win32.ActiveCfg = Debug|Win32
		{B63D29E3-2949-4A70-B2D4-9A4D295ED4C6}.Debug NiWebMetrics|Win32.ActiveCfg = Debug|Win32
		{B63D29E3-2949-4A70-B2D4-9A4D295ED4C6}.Debug|Win32.ActiveCfg = Debug|Win32
		{B63D29E3-2949-4A70-B2D4-9A4D295ED4C6}.DebugMemory|Win32.ActiveCfg = Debug|Win32
		{B63D29E3-2949-4A70-B2D4-9A4D295ED4C6}.EffectEditor|Win32.ActiveCfg = ReleasePhysX27|Win32
		{B63D29E3-2949-4A70-B2D4-9A4D295ED4C6}.Pet2Debug|Win32.ActiveCfg = Debug|Win32
		{B63D29E3-2949-4A70-B2D4-9A4D295ED4C6}.Release Miles Sound|Win32.ActiveCfg = ReleasePhysX27|Win32
		{B63D29E3-2949-4A70-B2D4-9A4D295ED4C6}.Release MinDependency|Win32.ActiveCfg = ReleasePhysX27|Win32
		{B63D29E3-2949-4A70-B2D4-9A4D295ED4C6}.Release MinSize|Win32.ActiveCfg = ReleasePhysX27|Win32
		{B63D29E3-2949-4A70-B2D4-9A4D295ED4C6}.Release NiWebMetrics Miles Sound|Win32.ActiveCfg = ReleasePhysX27|Win32
		{B63D29E3-2949-4A70-B2D4-9A4D295ED4C6}.Release NiWebMetrics|Win32.ActiveCfg = ReleasePhysX27|Win32
		{B63D29E3-2949-4A70-B2D4-9A4D295ED4C6}.Release|Win32.ActiveCfg = Release|Win32
		{B63D29E3-2949-4A70-B2D4-9A4D295ED4C6}.ReleasePhysX27|Win32.ActiveCfg = ReleasePhysX27|Win32
		{B63D29E3-2949-4A70-B2D4-9A4D295ED4C6}.Unicode Debug|Win32.ActiveCfg = Debug|Win32
		{B63D29E3-2949-4A70-B2D4-9A4D295ED4C6}.Unicode Release MinDependency|Win32.ActiveCfg = Release|Win32
		{B63D29E3-2949-4A70-B2D4-9A4D295ED4C6}.Unicode Release MinSize|Win32.ActiveCfg = Release|Win32
		{DFA4BCD1-76F0-4705-BDE0-8F415765EDE7}.Debug Miles Sound|Win32.ActiveCfg = Debug|Win32
		{DFA4BCD1-76F0-4705-BDE0-8F415765EDE7}.Debug NiWebMetrics Miles Sound|Win32.ActiveCfg = Debug|Win32
		{DFA4BCD1-76F0-4705-BDE0-8F415765EDE7}.Debug NiWebMetrics|Win32.ActiveCfg = Debug|Win32
		{DFA4BCD1-76F0-4705-BDE0-8F415765EDE7}.Debug|Win32.ActiveCfg = Debug|Win32
		{DFA4BCD1-76F0-4705-BDE0-8F415765EDE7}.DebugMemory|Win32.ActiveCfg = Debug|Win32
		{DFA4BCD1-76F0-4705-BDE0-8F415765EDE7}.EffectEditor|Win32.ActiveCfg = ReleasePhysX27|Win32
		{DFA4BCD1-76F0-4705-BDE0-8F415765EDE7}.Pet2Debug|Win32.ActiveCfg = Debug|Win32
		{DFA4BCD1-76F0-4705-BDE0-8F415765EDE7}.Release Miles Sound|Win32.ActiveCfg = ReleasePhysX27|Win32
		{DFA4BCD1-76F0-4705-BDE0-8F415765EDE7}.Release MinDependency|Win32.ActiveCfg = ReleasePhysX27|Win32
		{DFA4BCD1-76F0-4705-BDE0-8F415765EDE7}.Release MinSize|Win32.ActiveCfg = ReleasePhysX27|Win32
		{DFA4BCD1-76F0-4705-BDE0-8F415765EDE7}.Release NiWebMetrics Miles Sound|Win32.ActiveCfg = ReleasePhysX27|Win32
		{DFA4BCD1-76F0-4705-BDE0-8F415765EDE7}.Release NiWebMetrics|Win32.ActiveCfg = ReleasePhysX27|Win32
		{DFA4BCD1-76F0-4705-BDE0-8F415765EDE7}.Release|Win32.ActiveCfg = Release|Win32
		{DFA4BCD1-76F0-4705-BDE0-8F415765EDE7}.ReleasePhysX27|Win32.ActiveCfg = ReleasePhysX27|Win32
		{DFA4BCD1-76F0-4705-BDE0-8F415765EDE7}.Unicode Debug|Win32.ActiveCfg = Debug|Win32
		{DFA4BCD1-76F0-4705-BDE0-8F415765EDE7}.Unicode Release MinDependency|Win32.ActiveCfg = Release|Win32
		{DFA4BCD1-76F0-4705-BDE0-8F415765EDE7}.Unicode Release MinSize|Win32.ActiveCfg = Release|Win32
		{75081350-0715-4347-A716-7078E1295FF3}.Debug Miles Sound|Win32.ActiveCfg = Debug Miles Sound|Win32
		{75081350-0715-4347-A716-7078E1295FF3}.Debug NiWebMetrics Miles Sound|Win32.ActiveCfg = Debug NiWebMetrics Miles Sound|Win32
		{75081350-0715-4347-A716-7078E1295FF3}.Debug NiWebMetrics|Win32.ActiveCfg = Debug NiWebMetrics|Win32
		{75081350-0715-4347-A716-7078E1295FF3}.Debug|Win32.ActiveCfg = Debug|Win32
		{75081350-0715-4347-A716-7078E1295FF3}.DebugMemory|Win32.ActiveCfg = Debug NiWebMetrics Miles Sound|Win32
		{75081350-0715-4347-A716-7078E1295FF3}.EffectEditor|Win32.ActiveCfg = ReleasePhysX27|Win32
		{75081350-0715-4347-A716-7078E1295FF3}.Pet2Debug|Win32.ActiveCfg = Debug|Win32
		{75081350-0715-4347-A716-7078E1295FF3}.Release Miles Sound|Win32.ActiveCfg = Release Miles Sound|Win32
		{75081350-0715-4347-A716-7078E1295FF3}.Release MinDependency|Win32.ActiveCfg = Release Miles Sound|Win32
		{75081350-0715-4347-A716-7078E1295FF3}.Release MinSize|Win32.ActiveCfg = Release Miles Sound|Win32
		{75081350-0715-4347-A716-7078E1295FF3}.Release NiWebMetrics Miles Sound|Win32.ActiveCfg = Release NiWebMetrics Miles Sound|Win32
		{75081350-0715-4347-A716-7078E1295FF3}.Release NiWebMetrics|Win32.ActiveCfg = Release NiWebMetrics|Win32
		{75081350-0715-4347-A716-7078E1295FF3}.Release|Win32.ActiveCfg = Release|Win32
		{75081350-0715-4347-A716-7078E1295FF3}.ReleasePhysX27|Win32.ActiveCfg = ReleasePhysX27|Win32
		{75081350-0715-4347-A716-7078E1295FF3}.Unicode Debug|Win32.ActiveCfg = Debug|Win32
		{75081350-0715-4347-A716-7078E1295FF3}.Unicode Release MinDependency|Win32.ActiveCfg = Release|Win32
		{75081350-0715-4347-A716-7078E1295FF3}.Unicode Release MinSize|Win32.ActiveCfg = Release|Win32
		{FEF93E02-226A-49C4-A74D-7C2975B9D20B}.Debug Miles Sound|Win32.ActiveCfg = Debug|Win32
		{FEF93E02-226A-49C4-A74D-7C2975B9D20B}.Debug Miles Sound|Win32.Build.0 = Debug|Win32
		{FEF93E02-226A-49C4-A74D-7C2975B9D20B}.Debug NiWebMetrics Miles Sound|Win32.ActiveCfg = Debug|Win32
		{FEF93E02-226A-49C4-A74D-7C2975B9D20B}.Debug NiWebMetrics Miles Sound|Win32.Build.0 = Debug|Win32
		{FEF93E02-226A-49C4-A74D-7C2975B9D20B}.Debug NiWebMetrics|Win32.ActiveCfg = Debug|Win32
		{FEF93E02-226A-49C4-A74D-7C2975B9D20B}.Debug NiWebMetrics|Win32.Build.0 = Debug|Win32
		{FEF93E02-226A-49C4-A74D-7C2975B9D20B}.Debug|Win32.ActiveCfg = Debug|Win32
		{FEF93E02-226A-49C4-A74D-7C2975B9D20B}.Debug|Win32.Build.0 = Debug|Win32
		{FEF93E02-226A-49C4-A74D-7C2975B9D20B}.DebugMemory|Win32.ActiveCfg = Debug|Win32
		{FEF93E02-226A-49C4-A74D-7C2975B9D20B}.DebugMemory|Win32.Build.0 = Debug|Win32
		{FEF93E02-226A-49C4-A74D-7C2975B9D20B}.EffectEditor|Win32.ActiveCfg = Release|Win32
		{FEF93E02-226A-49C4-A74D-7C2975B9D20B}.EffectEditor|Win32.Build.0 = Release|Win32
		{FEF93E02-226A-49C4-A74D-7C2975B9D20B}.Pet2Debug|Win32.ActiveCfg = Debug|Win32
		{FEF93E02-226A-49C4-A74D-7C2975B9D20B}.Pet2Debug|Win32.Build.0 = Debug|Win32
		{FEF93E02-226A-49C4-A74D-7C2975B9D20B}.Release Miles Sound|Win32.ActiveCfg = Release|Win32
		{FEF93E02-226A-49C4-A74D-7C2975B9D20B}.Release Miles Sound|Win32.Build.0 = Release|Win32
		{FEF93E02-226A-49C4-A74D-7C2975B9D20B}.Release MinDependency|Win32.ActiveCfg = Release|Win32
		{FEF93E02-226A-49C4-A74D-7C2975B9D20B}.Release MinDependency|Win32.Build.0 = Release|Win32
		{FEF93E02-226A-49C4-A74D-7C2975B9D20B}.Release MinSize|Win32.ActiveCfg = Release|Win32
		{FEF93E02-226A-49C4-A74D-7C2975B9D20B}.Release MinSize|Win32.Build.0 = Release|Win32
		{FEF93E02-226A-49C4-A74D-7C2975B9D20B}.Release NiWebMetrics Miles Sound|Win32.ActiveCfg = Release|Win32
		{FEF93E02-226A-49C4-A74D-7C2975B9D20B}.Release NiWebMetrics Miles Sound|Win32.Build.0 = Release|Win32
		{FEF93E02-226A-49C4-A74D-7C2975B9D20B}.Release NiWebMetrics|Win32.ActiveCfg = Release|Win32
		{FEF93E02-226A-49C4-A74D-7C2975B9D20B}.Release NiWebMetrics|Win32.Build.0 = Release|Win32
		{FEF93E02-226A-49C4-A74D-7C2975B9D20B}.Release|Win32.ActiveCfg = Release|Win32
		{FEF93E02-226A-49C4-A74D-7C2975B9D20B}.Release|Win32.Build.0 = Release|Win32
		{FEF93E02-226A-49C4-A74D-7C2975B9D20B}.ReleasePhysX27|Win32.ActiveCfg = ReleasePhysX27|Win32
		{FEF93E02-226A-49C4-A74D-7C2975B9D20B}.ReleasePhysX27|Win32.Build.0 = ReleasePhysX27|Win32
		{FEF93E02-226A-49C4-A74D-7C2975B9D20B}.Unicode Debug|Win32.ActiveCfg = Debug|Win32
		{FEF93E02-226A-49C4-A74D-7C2975B9D20B}.Unicode Debug|Win32.Build.0 = Debug|Win32
		{FEF93E02-226A-49C4-A74D-7C2975B9D20B}.Unicode Release MinDependency|Win32.ActiveCfg = Release|Win32
		{FEF93E02-226A-49C4-A74D-7C2975B9D20B}.Unicode Release MinDependency|Win32.Build.0 = Release|Win32
		{FEF93E02-226A-49C4-A74D-7C2975B9D20B}.Unicode Release MinSize|Win32.ActiveCfg = Release|Win32
		{FEF93E02-226A-49C4-A74D-7C2975B9D20B}.Unicode Release MinSize|Win32.Build.0 = Release|Win32
		{96C32022-A9A6-4C1A-9B75-AE45AD41853A}.Debug Miles Sound|Win32.ActiveCfg = Debug|Win32
		{96C32022-A9A6-4C1A-9B75-AE45AD41853A}.Debug NiWebMetrics Miles Sound|Win32.ActiveCfg = Debug|Win32
		{96C32022-A9A6-4C1A-9B75-AE45AD41853A}.Debug NiWebMetrics|Win32.ActiveCfg = Debug|Win32
		{96C32022-A9A6-4C1A-9B75-AE45AD41853A}.Debug|Win32.ActiveCfg = Debug|Win32
		{96C32022-A9A6-4C1A-9B75-AE45AD41853A}.DebugMemory|Win32.ActiveCfg = Debug|Win32
		{96C32022-A9A6-4C1A-9B75-AE45AD41853A}.EffectEditor|Win32.ActiveCfg = ReleasePhysX27|Win32
		{96C32022-A9A6-4C1A-9B75-AE45AD41853A}.Pet2Debug|Win32.ActiveCfg = Debug|Win32
		{96C32022-A9A6-4C1A-9B75-AE45AD41853A}.Release Miles Sound|Win32.ActiveCfg = ReleasePhysX27|Win32
		{96C32022-A9A6-4C1A-9B75-AE45AD41853A}.Release MinDependency|Win32.ActiveCfg = ReleasePhysX27|Win32
		{96C32022-A9A6-4C1A-9B75-AE45AD41853A}.Release MinSize|Win32.ActiveCfg = ReleasePhysX27|Win32
		{96C32022-A9A6-4C1A-9B75-AE45AD41853A}.Release NiWebMetrics Miles Sound|Win32.ActiveCfg = ReleasePhysX27|Win32
		{96C32022-A9A6-4C1A-9B75-AE45AD41853A}.Release NiWebMetrics|Win32.ActiveCfg = ReleasePhysX27|Win32
		{96C32022-A9A6-4C1A-9B75-AE45AD41853A}.Release|Win32.ActiveCfg = Release|Win32
		{96C32022-A9A6-4C1A-9B75-AE45AD41853A}.ReleasePhysX27|Win32.ActiveCfg = ReleasePhysX27|Win32
		{96C32022-A9A6-4C1A-9B75-AE45AD41853A}.Unicode Debug|Win32.ActiveCfg = Debug|Win32
		{96C32022-A9A6-4C1A-9B75-AE45AD41853A}.Unicode Release MinDependency|Win32.ActiveCfg = Release|Win32
		{96C32022-A9A6-4C1A-9B75-AE45AD41853A}.Unicode Release MinSize|Win32.ActiveCfg = Release|Win32
		{97A65788-4C8F-4D0C-8BDF-BDFD5A30B373}.Debug Miles Sound|Win32.ActiveCfg = Debug|Win32
		{97A65788-4C8F-4D0C-8BDF-BDFD5A30B373}.Debug NiWebMetrics Miles Sound|Win32.ActiveCfg = Debug|Win32
		{97A65788-4C8F-4D0C-8BDF-BDFD5A30B373}.Debug NiWebMetrics|Win32.ActiveCfg = Debug|Win32
		{97A65788-4C8F-4D0C-8BDF-BDFD5A30B373}.Debug|Win32.ActiveCfg = Debug|Win32
		{97A65788-4C8F-4D0C-8BDF-BDFD5A30B373}.DebugMemory|Win32.ActiveCfg = Debug|Win32
		{97A65788-4C8F-4D0C-8BDF-BDFD5A30B373}.EffectEditor|Win32.ActiveCfg = ReleasePhysX27|Win32
		{97A65788-4C8F-4D0C-8BDF-BDFD5A30B373}.Pet2Debug|Win32.ActiveCfg = Debug|Win32
		{97A65788-4C8F-4D0C-8BDF-BDFD5A30B373}.Release Miles Sound|Win32.ActiveCfg = ReleasePhysX27|Win32
		{97A65788-4C8F-4D0C-8BDF-BDFD5A30B373}.Release MinDependency|Win32.ActiveCfg = ReleasePhysX27|Win32
		{97A65788-4C8F-4D0C-8BDF-BDFD5A30B373}.Release MinSize|Win32.ActiveCfg = ReleasePhysX27|Win32
		{97A65788-4C8F-4D0C-8BDF-BDFD5A30B373}.Release NiWebMetrics Miles Sound|Win32.ActiveCfg = ReleasePhysX27|Win32
		{97A65788-4C8F-4D0C-8BDF-BDFD5A30B373}.Release NiWebMetrics|Win32.ActiveCfg = ReleasePhysX27|Win32
		{97A65788-4C8F-4D0C-8BDF-BDFD5A30B373}.Release|Win32.ActiveCfg = Release|Win32
		{97A65788-4C8F-4D0C-8BDF-BDFD5A30B373}.ReleasePhysX27|Win32.ActiveCfg = ReleasePhysX27|Win32
		{97A65788-4C8F-4D0C-8BDF-BDFD5A30B373}.Unicode Debug|Win32.ActiveCfg = Debug|Win32
		{97A65788-4C8F-4D0C-8BDF-BDFD5A30B373}.Unicode Release MinDependency|Win32.ActiveCfg = Release|Win32
		{97A65788-4C8F-4D0C-8BDF-BDFD5A30B373}.Unicode Release MinSize|Win32.ActiveCfg = Release|Win32
		{5FB2C63F-CBCB-442B-8096-FA1F253568ED}.Debug Miles Sound|Win32.ActiveCfg = Debug|Win32
		{5FB2C63F-CBCB-442B-8096-FA1F253568ED}.Debug NiWebMetrics Miles Sound|Win32.ActiveCfg = Debug|Win32
		{5FB2C63F-CBCB-442B-8096-FA1F253568ED}.Debug NiWebMetrics|Win32.ActiveCfg = Debug|Win32
		{5FB2C63F-CBCB-442B-8096-FA1F253568ED}.Debug|Win32.ActiveCfg = Debug|Win32
		{5FB2C63F-CBCB-442B-8096-FA1F253568ED}.DebugMemory|Win32.ActiveCfg = Debug|Win32
		{5FB2C63F-CBCB-442B-8096-FA1F253568ED}.EffectEditor|Win32.ActiveCfg = ReleasePhysX27|Win32
		{5FB2C63F-CBCB-442B-8096-FA1F253568ED}.Pet2Debug|Win32.ActiveCfg = Debug|Win32
		{5FB2C63F-CBCB-442B-8096-FA1F253568ED}.Release Miles Sound|Win32.ActiveCfg = ReleasePhysX27|Win32
		{5FB2C63F-CBCB-442B-8096-FA1F253568ED}.Release MinDependency|Win32.ActiveCfg = ReleasePhysX27|Win32
		{5FB2C63F-CBCB-442B-8096-FA1F253568ED}.Release MinSize|Win32.ActiveCfg = ReleasePhysX27|Win32
		{5FB2C63F-CBCB-442B-8096-FA1F253568ED}.Release NiWebMetrics Miles Sound|Win32.ActiveCfg = ReleasePhysX27|Win32
		{5FB2C63F-CBCB-442B-8096-FA1F253568ED}.Release NiWebMetrics|Win32.ActiveCfg = ReleasePhysX27|Win32
		{5FB2C63F-CBCB-442B-8096-FA1F253568ED}.Release|Win32.ActiveCfg = Release|Win32
		{5FB2C63F-CBCB-442B-8096-FA1F253568ED}.ReleasePhysX27|Win32.ActiveCfg = ReleasePhysX27|Win32
		{5FB2C63F-CBCB-442B-8096-FA1F253568ED}.Unicode Debug|Win32.ActiveCfg = Debug|Win32
		{5FB2C63F-CBCB-442B-8096-FA1F253568ED}.Unicode Release MinDependency|Win32.ActiveCfg = Release|Win32
		{5FB2C63F-CBCB-442B-8096-FA1F253568ED}.Unicode Release MinSize|Win32.ActiveCfg = Release|Win32
		{AD84A166-BC18-4260-AE13-B6080386E71B}.Debug Miles Sound|Win32.ActiveCfg = Debug|Win32
		{AD84A166-BC18-4260-AE13-B6080386E71B}.Debug NiWebMetrics Miles Sound|Win32.ActiveCfg = Debug|Win32
		{AD84A166-BC18-4260-AE13-B6080386E71B}.Debug NiWebMetrics|Win32.ActiveCfg = Debug|Win32
		{AD84A166-BC18-4260-AE13-B6080386E71B}.Debug|Win32.ActiveCfg = Debug|Win32
		{AD84A166-BC18-4260-AE13-B6080386E71B}.DebugMemory|Win32.ActiveCfg = Debug|Win32
		{AD84A166-BC18-4260-AE13-B6080386E71B}.EffectEditor|Win32.ActiveCfg = ReleasePhysX27|Win32
		{AD84A166-BC18-4260-AE13-B6080386E71B}.Pet2Debug|Win32.ActiveCfg = Debug|Win32
		{AD84A166-BC18-4260-AE13-B6080386E71B}.Release Miles Sound|Win32.ActiveCfg = ReleasePhysX27|Win32
		{AD84A166-BC18-4260-AE13-B6080386E71B}.Release MinDependency|Win32.ActiveCfg = ReleasePhysX27|Win32
		{AD84A166-BC18-4260-AE13-B6080386E71B}.Release MinSize|Win32.ActiveCfg = ReleasePhysX27|Win32
		{AD84A166-BC18-4260-AE13-B6080386E71B}.Release NiWebMetrics Miles Sound|Win32.ActiveCfg = ReleasePhysX27|Win32
		{AD84A166-BC18-4260-AE13-B6080386E71B}.Release NiWebMetrics|Win32.ActiveCfg = ReleasePhysX27|Win32
		{AD84A166-BC18-4260-AE13-B6080386E71B}.Release|Win32.ActiveCfg = Release|Win32
		{AD84A166-BC18-4260-AE13-B6080386E71B}.ReleasePhysX27|Win32.ActiveCfg = ReleasePhysX27|Win32
		{AD84A166-BC18-4260-AE13-B6080386E71B}.Unicode Debug|Win32.ActiveCfg = Debug|Win32
		{AD84A166-BC18-4260-AE13-B6080386E71B}.Unicode Release MinDependency|Win32.ActiveCfg = Release|Win32
		{AD84A166-BC18-4260-AE13-B6080386E71B}.Unicode Release MinSize|Win32.ActiveCfg = Release|Win32
		{CEB095D0-9156-456E-89D9-78D901560A28}.Debug Miles Sound|Win32.ActiveCfg = Debug|Win32
		{CEB095D0-9156-456E-89D9-78D901560A28}.Debug NiWebMetrics Miles Sound|Win32.ActiveCfg = Debug|Win32
		{CEB095D0-9156-456E-89D9-78D901560A28}.Debug NiWebMetrics|Win32.ActiveCfg = Debug|Win32
		{CEB095D0-9156-456E-89D9-78D901560A28}.Debug|Win32.ActiveCfg = Debug|Win32
		{CEB095D0-9156-456E-89D9-78D901560A28}.DebugMemory|Win32.ActiveCfg = Debug|Win32
		{CEB095D0-9156-456E-89D9-78D901560A28}.EffectEditor|Win32.ActiveCfg = ReleasePhysX27|Win32
		{CEB095D0-9156-456E-89D9-78D901560A28}.Pet2Debug|Win32.ActiveCfg = Debug|Win32
		{CEB095D0-9156-456E-89D9-78D901560A28}.Release Miles Sound|Win32.ActiveCfg = ReleasePhysX27|Win32
		{CEB095D0-9156-456E-89D9-78D901560A28}.Release MinDependency|Win32.ActiveCfg = ReleasePhysX27|Win32
		{CEB095D0-9156-456E-89D9-78D901560A28}.Release MinSize|Win32.ActiveCfg = ReleasePhysX27|Win32
		{CEB095D0-9156-456E-89D9-78D901560A28}.Release NiWebMetrics Miles Sound|Win32.ActiveCfg = ReleasePhysX27|Win32
		{CEB095D0-9156-456E-89D9-78D901560A28}.Release NiWebMetrics|Win32.ActiveCfg = ReleasePhysX27|Win32
		{CEB095D0-9156-456E-89D9-78D901560A28}.Release|Win32.ActiveCfg = Release|Win32
		{CEB095D0-9156-456E-89D9-78D901560A28}.ReleasePhysX27|Win32.ActiveCfg = ReleasePhysX27|Win32
		{CEB095D0-9156-456E-89D9-78D901560A28}.Unicode Debug|Win32.ActiveCfg = Debug|Win32
		{CEB095D0-9156-456E-89D9-78D901560A28}.Unicode Release MinDependency|Win32.ActiveCfg = Release|Win32
		{CEB095D0-9156-456E-89D9-78D901560A28}.Unicode Release MinSize|Win32.ActiveCfg = Release|Win32
		{F1D09E89-CD8D-49B2-8B25-460C536E6BCE}.Debug Miles Sound|Win32.ActiveCfg = Debug|Win32
		{F1D09E89-CD8D-49B2-8B25-460C536E6BCE}.Debug NiWebMetrics Miles Sound|Win32.ActiveCfg = Debug|Win32
		{F1D09E89-CD8D-49B2-8B25-460C536E6BCE}.Debug NiWebMetrics|Win32.ActiveCfg = Debug|Win32
		{F1D09E89-CD8D-49B2-8B25-460C536E6BCE}.Debug|Win32.ActiveCfg = Debug|Win32
		{F1D09E89-CD8D-49B2-8B25-460C536E6BCE}.DebugMemory|Win32.ActiveCfg = Debug|Win32
		{F1D09E89-CD8D-49B2-8B25-460C536E6BCE}.EffectEditor|Win32.ActiveCfg = ReleasePhysX27|Win32
		{F1D09E89-CD8D-49B2-8B25-460C536E6BCE}.Pet2Debug|Win32.ActiveCfg = Debug|Win32
		{F1D09E89-CD8D-49B2-8B25-460C536E6BCE}.Release Miles Sound|Win32.ActiveCfg = ReleasePhysX27|Win32
		{F1D09E89-CD8D-49B2-8B25-460C536E6BCE}.Release MinDependency|Win32.ActiveCfg = ReleasePhysX27|Win32
		{F1D09E89-CD8D-49B2-8B25-460C536E6BCE}.Release MinSize|Win32.ActiveCfg = ReleasePhysX27|Win32
		{F1D09E89-CD8D-49B2-8B25-460C536E6BCE}.Release NiWebMetrics Miles Sound|Win32.ActiveCfg = ReleasePhysX27|Win32
		{F1D09E89-CD8D-49B2-8B25-460C536E6BCE}.Release NiWebMetrics|Win32.ActiveCfg = ReleasePhysX27|Win32
		{F1D09E89-CD8D-49B2-8B25-460C536E6BCE}.Release|Win32.ActiveCfg = Release|Win32
		{F1D09E89-CD8D-49B2-8B25-460C536E6BCE}.ReleasePhysX27|Win32.ActiveCfg = ReleasePhysX27|Win32
		{F1D09E89-CD8D-49B2-8B25-460C536E6BCE}.Unicode Debug|Win32.ActiveCfg = Debug|Win32
		{F1D09E89-CD8D-49B2-8B25-460C536E6BCE}.Unicode Release MinDependency|Win32.ActiveCfg = Release|Win32
		{F1D09E89-CD8D-49B2-8B25-460C536E6BCE}.Unicode Release MinSize|Win32.ActiveCfg = Release|Win32
		{470CFD4B-2624-4E9A-83A6-A2B4C2C0FC3F}.Debug Miles Sound|Win32.ActiveCfg = Debug|Win32
		{470CFD4B-2624-4E9A-83A6-A2B4C2C0FC3F}.Debug NiWebMetrics Miles Sound|Win32.ActiveCfg = Debug|Win32
		{470CFD4B-2624-4E9A-83A6-A2B4C2C0FC3F}.Debug NiWebMetrics|Win32.ActiveCfg = Debug|Win32
		{470CFD4B-2624-4E9A-83A6-A2B4C2C0FC3F}.Debug|Win32.ActiveCfg = Debug|Win32
		{470CFD4B-2624-4E9A-83A6-A2B4C2C0FC3F}.DebugMemory|Win32.ActiveCfg = Debug|Win32
		{470CFD4B-2624-4E9A-83A6-A2B4C2C0FC3F}.EffectEditor|Win32.ActiveCfg = ReleasePhysX27|Win32
		{470CFD4B-2624-4E9A-83A6-A2B4C2C0FC3F}.Pet2Debug|Win32.ActiveCfg = Debug|Win32
		{470CFD4B-2624-4E9A-83A6-A2B4C2C0FC3F}.Release Miles Sound|Win32.ActiveCfg = ReleasePhysX27|Win32
		{470CFD4B-2624-4E9A-83A6-A2B4C2C0FC3F}.Release MinDependency|Win32.ActiveCfg = ReleasePhysX27|Win32
		{470CFD4B-2624-4E9A-83A6-A2B4C2C0FC3F}.Release MinSize|Win32.ActiveCfg = ReleasePhysX27|Win32
		{470CFD4B-2624-4E9A-83A6-A2B4C2C0FC3F}.Release NiWebMetrics Miles Sound|Win32.ActiveCfg = ReleasePhysX27|Win32
		{470CFD4B-2624-4E9A-83A6-A2B4C2C0FC3F}.Release NiWebMetrics|Win32.ActiveCfg = ReleasePhysX27|Win32
		{470CFD4B-2624-4E9A-83A6-A2B4C2C0FC3F}.Release|Win32.ActiveCfg = Release|Win32
		{470CFD4B-2624-4E9A-83A6-A2B4C2C0FC3F}.ReleasePhysX27|Win32.ActiveCfg = ReleasePhysX27|Win32
		{470CFD4B-2624-4E9A-83A6-A2B4C2C0FC3F}.Unicode Debug|Win32.ActiveCfg = Debug|Win32
		{470CFD4B-2624-4E9A-83A6-A2B4C2C0FC3F}.Unicode Release MinDependency|Win32.ActiveCfg = Release|Win32
		{470CFD4B-2624-4E9A-83A6-A2B4C2C0FC3F}.Unicode Release MinSize|Win32.ActiveCfg = Release|Win32
		{20D86AC2-EF83-4A40-A7AC-0EF578E41265}.Debug Miles Sound|Win32.ActiveCfg = Debug|Win32
		{20D86AC2-EF83-4A40-A7AC-0EF578E41265}.Debug NiWebMetrics Miles Sound|Win32.ActiveCfg = Debug|Win32
		{20D86AC2-EF83-4A40-A7AC-0EF578E41265}.Debug NiWebMetrics|Win32.ActiveCfg = Debug|Win32
		{20D86AC2-EF83-4A40-A7AC-0EF578E41265}.Debug|Win32.ActiveCfg = Debug|Win32
		{20D86AC2-EF83-4A40-A7AC-0EF578E41265}.DebugMemory|Win32.ActiveCfg = Debug|Win32
		{20D86AC2-EF83-4A40-A7AC-0EF578E41265}.EffectEditor|Win32.ActiveCfg = Release|Win32
		{20D86AC2-EF83-4A40-A7AC-0EF578E41265}.Pet2Debug|Win32.ActiveCfg = Debug|Win32
		{20D86AC2-EF83-4A40-A7AC-0EF578E41265}.Release Miles Sound|Win32.ActiveCfg = Release|Win32
		{20D86AC2-EF83-4A40-A7AC-0EF578E41265}.Release MinDependency|Win32.ActiveCfg = Release|Win32
		{20D86AC2-EF83-4A40-A7AC-0EF578E41265}.Release MinSize|Win32.ActiveCfg = Release|Win32
		{20D86AC2-EF83-4A40-A7AC-0EF578E41265}.Release NiWebMetrics Miles Sound|Win32.ActiveCfg = Release|Win32
		{20D86AC2-EF83-4A40-A7AC-0EF578E41265}.Release NiWebMetrics|Win32.ActiveCfg = Release|Win32
		{20D86AC2-EF83-4A40-A7AC-0EF578E41265}.Release|Win32.ActiveCfg = Release|Win32
		{20D86AC2-EF83-4A40-A7AC-0EF578E41265}.ReleasePhysX27|Win32.ActiveCfg = ReleasePhysX27|Win32
		{20D86AC2-EF83-4A40-A7AC-0EF578E41265}.Unicode Debug|Win32.ActiveCfg = Debug|Win32
		{20D86AC2-EF83-4A40-A7AC-0EF578E41265}.Unicode Release MinDependency|Win32.ActiveCfg = Release|Win32
		{20D86AC2-EF83-4A40-A7AC-0EF578E41265}.Unicode Release MinSize|Win32.ActiveCfg = Release|Win32
		{E9357FCB-7E1A-4D25-A709-1259698E2045}.Debug Miles Sound|Win32.ActiveCfg = Debug|Win32
		{E9357FCB-7E1A-4D25-A709-1259698E2045}.Debug NiWebMetrics Miles Sound|Win32.ActiveCfg = Debug|Win32
		{E9357FCB-7E1A-4D25-A709-1259698E2045}.Debug NiWebMetrics|Win32.ActiveCfg = Debug|Win32
		{E9357FCB-7E1A-4D25-A709-1259698E2045}.Debug|Win32.ActiveCfg = Debug|Win32
		{E9357FCB-7E1A-4D25-A709-1259698E2045}.DebugMemory|Win32.ActiveCfg = Debug|Win32
		{E9357FCB-7E1A-4D25-A709-1259698E2045}.EffectEditor|Win32.ActiveCfg = ReleasePhysX27|Win32
		{E9357FCB-7E1A-4D25-A709-1259698E2045}.Pet2Debug|Win32.ActiveCfg = Debug|Win32
		{E9357FCB-7E1A-4D25-A709-1259698E2045}.Release Miles Sound|Win32.ActiveCfg = ReleasePhysX27|Win32
		{E9357FCB-7E1A-4D25-A709-1259698E2045}.Release MinDependency|Win32.ActiveCfg = ReleasePhysX27|Win32
		{E9357FCB-7E1A-4D25-A709-1259698E2045}.Release MinSize|Win32.ActiveCfg = ReleasePhysX27|Win32
		{E9357FCB-7E1A-4D25-A709-1259698E2045}.Release NiWebMetrics Miles Sound|Win32.ActiveCfg = ReleasePhysX27|Win32
		{E9357FCB-7E1A-4D25-A709-1259698E2045}.Release NiWebMetrics|Win32.ActiveCfg = ReleasePhysX27|Win32
		{E9357FCB-7E1A-4D25-A709-1259698E2045}.Release|Win32.ActiveCfg = Release|Win32
		{E9357FCB-7E1A-4D25-A709-1259698E2045}.ReleasePhysX27|Win32.ActiveCfg = ReleasePhysX27|Win32
		{E9357FCB-7E1A-4D25-A709-1259698E2045}.Unicode Debug|Win32.ActiveCfg = Debug|Win32
		{E9357FCB-7E1A-4D25-A709-1259698E2045}.Unicode Release MinDependency|Win32.ActiveCfg = Release|Win32
		{E9357FCB-7E1A-4D25-A709-1259698E2045}.Unicode Release MinSize|Win32.ActiveCfg = Release|Win32
	EndGlobalSection
	GlobalSection(SolutionProperties) = preSolution
		HideSolutionNode = FALSE
	EndGlobalSection
	GlobalSection(DPCodeReviewSolutionGUID) = preSolution
		DPCodeReviewSolutionGUID = {00000000-0000-0000-0000-000000000000}
	EndGlobalSection
EndGlobal
