<?xml version="1.0" encoding="utf-8"?>
<Project ToolsVersion="4.0" xmlns="http://schemas.microsoft.com/developer/msbuild/2003">
  <ItemGroup>
    <Filter Include="Source Files">
      <UniqueIdentifier>{c08a21f1-d257-4da3-9b7b-35a2edf020c3}</UniqueIdentifier>
      <Extensions>cpp;c;cxx;rc;def;r;odl;idl;hpj;bat</Extensions>
    </Filter>
  </ItemGroup>
  <ItemGroup>
    <ClCompile Include="gameui.cpp">
      <Filter>Source Files</Filter>
    </ClCompile>
    <ClCompile Include="uicontrol.cpp">
      <Filter>Source Files</Filter>
    </ClCompile>
    <ClCompile Include="uiimage.cpp">
      <Filter>Source Files</Filter>
    </ClCompile>
    <ClCompile Include="uiscriptfunc.cpp">
      <Filter>Source Files</Filter>
    </ClCompile>
    <ClCompile Include="widget.cpp">
      <Filter>Source Files</Filter>
    </ClCompile>
  </ItemGroup>
  <ItemGroup>
    <ClInclude Include="..\..\include\gameui.h">
      <Filter>Source Files</Filter>
    </ClInclude>
    <ClInclude Include="uicontrol.h">
      <Filter>Source Files</Filter>
    </ClInclude>
    <ClInclude Include="uiimage.h">
      <Filter>Source Files</Filter>
    </ClInclude>
    <ClInclude Include="widget.h">
      <Filter>Source Files</Filter>
    </ClInclude>
  </ItemGroup>
  <ItemGroup>
    <None Include="widget.inl">
      <Filter>Source Files</Filter>
    </None>
    <None Include="PostBuild.bat">
      <Filter>Source Files</Filter>
    </None>
  </ItemGroup>
</Project>