<?xml version="1.0" encoding="utf-8"?>
<Project ToolsVersion="4.0" xmlns="http://schemas.microsoft.com/developer/msbuild/2003">
  <ItemGroup>
    <Filter Include="Source Files">
      <UniqueIdentifier>{4FC737F1-C7A5-4376-A066-2A32D752A2FF}</UniqueIdentifier>
      <Extensions>cpp;c;cxx;def;odl;idl;hpj;bat;asm;asmx</Extensions>
    </Filter>
    <Filter Include="Header Files">
      <UniqueIdentifier>{93995380-89BD-4b04-88EB-625FBE52EBFB}</UniqueIdentifier>
      <Extensions>h;hpp;hxx;hm;inl;inc;xsd</Extensions>
    </Filter>
    <Filter Include="Resource Files">
      <UniqueIdentifier>{67DA6AB6-F800-4c08-8B7A-83BB121AAD01}</UniqueIdentifier>
      <Extensions>rc;ico;cur;bmp;dlg;rc2;rct;bin;rgs;gif;jpg;jpeg;jpe;resx</Extensions>
    </Filter>
  </ItemGroup>
  <ItemGroup>
    <ClCompile Include="gif89a.cpp">
      <Filter>Source Files</Filter>
    </ClCompile>
    <ClCompile Include="xBmp.cpp">
      <Filter>Source Files</Filter>
    </ClCompile>
    <ClCompile Include="xFlic.cpp">
      <Filter>Source Files</Filter>
    </ClCompile>
    <ClCompile Include="xGif.cpp">
      <Filter>Source Files</Filter>
    </ClCompile>
    <ClCompile Include="xPcx.cpp">
      <Filter>Source Files</Filter>
    </ClCompile>
    <ClCompile Include="xPsd.cpp">
      <Filter>Source Files</Filter>
    </ClCompile>
    <ClCompile Include="xTga.cpp">
      <Filter>Source Files</Filter>
    </ClCompile>
  </ItemGroup>
  <ItemGroup>
    <ClInclude Include="Engine.h">
      <Filter>Header Files</Filter>
    </ClInclude>
    <ClInclude Include="gif89a.h">
      <Filter>Header Files</Filter>
    </ClInclude>
    <ClInclude Include="xBmp.h">
      <Filter>Header Files</Filter>
    </ClInclude>
    <ClInclude Include="xFlic.h">
      <Filter>Header Files</Filter>
    </ClInclude>
    <ClInclude Include="xGif.h">
      <Filter>Header Files</Filter>
    </ClInclude>
    <ClInclude Include="xImage.h">
      <Filter>Header Files</Filter>
    </ClInclude>
    <ClInclude Include="xPcx.h">
      <Filter>Header Files</Filter>
    </ClInclude>
    <ClInclude Include="xPsd.h">
      <Filter>Header Files</Filter>
    </ClInclude>
    <ClInclude Include="xTga.h">
      <Filter>Header Files</Filter>
    </ClInclude>
  </ItemGroup>
  <ItemGroup>
    <None Include="ReadMe.txt" />
  </ItemGroup>
</Project>