<?xml version="1.0" encoding="utf-8"?>
<Project ToolsVersion="4.0" xmlns="http://schemas.microsoft.com/developer/msbuild/2003">
  <ItemGroup>
    <Filter Include="Source Files">
      <UniqueIdentifier>{3168a217-b63f-4cbe-92c8-60d03d238fc2}</UniqueIdentifier>
      <Extensions>cpp;c;cxx;rc;def;r;odl;idl;hpj;bat</Extensions>
    </Filter>
    <Filter Include="Header Files">
      <UniqueIdentifier>{bea0b064-ba59-4ed1-a2d3-dbe716935bdb}</UniqueIdentifier>
      <Extensions>h;hpp;hxx;hm;inl</Extensions>
    </Filter>
    <Filter Include="Resource Files">
      <UniqueIdentifier>{e8bd958e-609a-4caa-84f4-fbd981d50c3e}</UniqueIdentifier>
      <Extensions>ico;cur;bmp;dlg;rc2;rct;bin;rgs;gif;jpg;jpeg;jpe</Extensions>
    </Filter>
  </ItemGroup>
  <ItemGroup>
    <ClCompile Include="CustSite.cpp">
      <Filter>Source Files</Filter>
    </ClCompile>
    <ClCompile Include="External.cpp">
      <Filter>Source Files</Filter>
    </ClCompile>
    <ClCompile Include="FxButton.cpp">
      <Filter>Source Files</Filter>
    </ClCompile>
    <ClCompile Include="HYPERLINK.CPP">
      <Filter>Source Files</Filter>
    </ClCompile>
    <ClCompile Include="loader.cpp">
      <Filter>Source Files</Filter>
    </ClCompile>
    <ClCompile Include="loaderDlg.cpp">
      <Filter>Source Files</Filter>
    </ClCompile>
    <ClCompile Include="StdAfx.cpp">
      <Filter>Source Files</Filter>
    </ClCompile>
    <ClCompile Include="txtCtrlr.cpp">
      <Filter>Source Files</Filter>
    </ClCompile>
    <ClCompile Include="txtRecordset.cpp">
      <Filter>Source Files</Filter>
    </ClCompile>
    <ClCompile Include="webbrowser2.cpp">
      <Filter>Source Files</Filter>
    </ClCompile>
  </ItemGroup>
  <ItemGroup>
    <ResourceCompile Include="loader.rc">
      <Filter>Source Files</Filter>
    </ResourceCompile>
  </ItemGroup>
  <ItemGroup>
    <ClInclude Include="CustSite.h">
      <Filter>Header Files</Filter>
    </ClInclude>
    <ClInclude Include="External.h">
      <Filter>Header Files</Filter>
    </ClInclude>
    <ClInclude Include="FxButton.h">
      <Filter>Header Files</Filter>
    </ClInclude>
    <ClInclude Include="HYPERLINK.H">
      <Filter>Header Files</Filter>
    </ClInclude>
    <ClInclude Include="loader.h">
      <Filter>Header Files</Filter>
    </ClInclude>
    <ClInclude Include="loaderDlg.h">
      <Filter>Header Files</Filter>
    </ClInclude>
    <ClInclude Include="Resource.h">
      <Filter>Header Files</Filter>
    </ClInclude>
    <ClInclude Include="StdAfx.h">
      <Filter>Header Files</Filter>
    </ClInclude>
    <ClInclude Include="webbrowser2.h">
      <Filter>Header Files</Filter>
    </ClInclude>
  </ItemGroup>
  <ItemGroup>
    <None Include="GameApp.ico">
      <Filter>Resource Files</Filter>
    </None>
    <None Include="loader.bmp">
      <Filter>Resource Files</Filter>
    </None>
    <None Include="loader.ico">
      <Filter>Resource Files</Filter>
    </None>
    <None Include="res\loader.ico">
      <Filter>Resource Files</Filter>
    </None>
    <None Include="res\loader.rc2">
      <Filter>Resource Files</Filter>
    </None>
    <None Include="loader_M.bmp">
      <Filter>Resource Files</Filter>
    </None>
    <None Include="ReadMe.txt" />
  </ItemGroup>
</Project>